// !$*UTF8*$!
{
	archiveVersion = 1;
	classes = {
	};
	objectVersion = 50;
	objects = {

/* Begin PBXBuildFile section */
		82004510238F62D0001D7247 /* AppDelegate.swift in Sources */ = {isa = PBXBuildFile; fileRef = 8200450F238F62D0001D7247 /* AppDelegate.swift */; };
		82004512238F62D0001D7247 /* SceneDelegate.swift in Sources */ = {isa = PBXBuildFile; fileRef = 82004511238F62D0001D7247 /* SceneDelegate.swift */; };
		82004516238F62D5001D7247 /* Assets.xcassets in Resources */ = {isa = PBXBuildFile; fileRef = 82004515238F62D5001D7247 /* Assets.xcassets */; };
		82004519238F62D5001D7247 /* Preview Assets.xcassets in Resources */ = {isa = PBXBuildFile; fileRef = 82004518238F62D5001D7247 /* Preview Assets.xcassets */; };
		8200451C238F62D5001D7247 /* LaunchScreen.storyboard in Resources */ = {isa = PBXBuildFile; fileRef = 8200451A238F62D5001D7247 /* LaunchScreen.storyboard */; };
		82004527238F62D5001D7247 /* CourseRegistrationManagerTests.swift in Sources */ = {isa = PBXBuildFile; fileRef = 82004526238F62D5001D7247 /* CourseRegistrationManagerTests.swift */; };
		82004532238F62D5001D7247 /* CourseRegistrationManagerUITests.swift in Sources */ = {isa = PBXBuildFile; fileRef = 82004531238F62D5001D7247 /* CourseRegistrationManagerUITests.swift */; };
		82004544238F6C94001D7247 /* Home.swift in Sources */ = {isa = PBXBuildFile; fileRef = 82004543238F6C94001D7247 /* Home.swift */; };
		82004546238F6DEE001D7247 /* PersonalEditor.swift in Sources */ = {isa = PBXBuildFile; fileRef = 82004545238F6DEE001D7247 /* PersonalEditor.swift */; };
		82004548238F6FB7001D7247 /* CreditsEditor.swift in Sources */ = {isa = PBXBuildFile; fileRef = 82004547238F6FB7001D7247 /* CreditsEditor.swift */; };
		829BA6CF2390AEA200FAF342 /* Credits.swift in Sources */ = {isa = PBXBuildFile; fileRef = 829BA6CE2390AEA200FAF342 /* Credits.swift */; };
		82C6B652238FB6A200BE220F /* Personal.swift in Sources */ = {isa = PBXBuildFile; fileRef = 82C6B651238FB6A200BE220F /* Personal.swift */; };
/* End PBXBuildFile section */

/* Begin PBXContainerItemProxy section */
		82004523238F62D5001D7247 /* PBXContainerItemProxy */ = {
			isa = PBXContainerItemProxy;
			containerPortal = 82004504238F62D0001D7247 /* Project object */;
			proxyType = 1;
			remoteGlobalIDString = 8200450B238F62D0001D7247;
			remoteInfo = CourseRegistrationManager;
		};
		8200452E238F62D5001D7247 /* PBXContainerItemProxy */ = {
			isa = PBXContainerItemProxy;
			containerPortal = 82004504238F62D0001D7247 /* Project object */;
			proxyType = 1;
			remoteGlobalIDString = 8200450B238F62D0001D7247;
			remoteInfo = CourseRegistrationManager;
		};
/* End PBXContainerItemProxy section */

/* Begin PBXFileReference section */
		8200450C238F62D0001D7247 /* CourseRegistrationManager.app */ = {isa = PBXFileReference; explicitFileType = wrapper.application; includeInIndex = 0; path = CourseRegistrationManager.app; sourceTree = BUILT_PRODUCTS_DIR; };
		8200450F238F62D0001D7247 /* AppDelegate.swift */ = {isa = PBXFileReference; lastKnownFileType = sourcecode.swift; path = AppDelegate.swift; sourceTree = "<group>"; };
		82004511238F62D0001D7247 /* SceneDelegate.swift */ = {isa = PBXFileReference; lastKnownFileType = sourcecode.swift; path = SceneDelegate.swift; sourceTree = "<group>"; };
		82004515238F62D5001D7247 /* Assets.xcassets */ = {isa = PBXFileReference; lastKnownFileType = folder.assetcatalog; path = Assets.xcassets; sourceTree = "<group>"; };
		82004518238F62D5001D7247 /* Preview Assets.xcassets */ = {isa = PBXFileReference; lastKnownFileType = folder.assetcatalog; path = "Preview Assets.xcassets"; sourceTree = "<group>"; };
		8200451B238F62D5001D7247 /* Base */ = {isa = PBXFileReference; lastKnownFileType = file.storyboard; name = Base; path = Base.lproj/LaunchScreen.storyboard; sourceTree = "<group>"; };
		8200451D238F62D5001D7247 /* Info.plist */ = {isa = PBXFileReference; lastKnownFileType = text.plist.xml; path = Info.plist; sourceTree = "<group>"; };
		82004522238F62D5001D7247 /* CourseRegistrationManagerTests.xctest */ = {isa = PBXFileReference; explicitFileType = wrapper.cfbundle; includeInIndex = 0; path = CourseRegistrationManagerTests.xctest; sourceTree = BUILT_PRODUCTS_DIR; };
		82004526238F62D5001D7247 /* CourseRegistrationManagerTests.swift */ = {isa = PBXFileReference; lastKnownFileType = sourcecode.swift; path = CourseRegistrationManagerTests.swift; sourceTree = "<group>"; };
		82004528238F62D5001D7247 /* Info.plist */ = {isa = PBXFileReference; lastKnownFileType = text.plist.xml; path = Info.plist; sourceTree = "<group>"; };
		8200452D238F62D5001D7247 /* CourseRegistrationManagerUITests.xctest */ = {isa = PBXFileReference; explicitFileType = wrapper.cfbundle; includeInIndex = 0; path = CourseRegistrationManagerUITests.xctest; sourceTree = BUILT_PRODUCTS_DIR; };
		82004531238F62D5001D7247 /* CourseRegistrationManagerUITests.swift */ = {isa = PBXFileReference; lastKnownFileType = sourcecode.swift; path = CourseRegistrationManagerUITests.swift; sourceTree = "<group>"; };
		82004533238F62D5001D7247 /* Info.plist */ = {isa = PBXFileReference; lastKnownFileType = text.plist.xml; path = Info.plist; sourceTree = "<group>"; };
		82004543238F6C94001D7247 /* Home.swift */ = {isa = PBXFileReference; lastKnownFileType = sourcecode.swift; path = Home.swift; sourceTree = "<group>"; };
		82004545238F6DEE001D7247 /* PersonalEditor.swift */ = {isa = PBXFileReference; lastKnownFileType = sourcecode.swift; path = PersonalEditor.swift; sourceTree = "<group>"; };
		82004547238F6FB7001D7247 /* CreditsEditor.swift */ = {isa = PBXFileReference; lastKnownFileType = sourcecode.swift; path = CreditsEditor.swift; sourceTree = "<group>"; };
		829BA6CE2390AEA200FAF342 /* Credits.swift */ = {isa = PBXFileReference; lastKnownFileType = sourcecode.swift; path = Credits.swift; sourceTree = "<group>"; };
		82C6B651238FB6A200BE220F /* Personal.swift */ = {isa = PBXFileReference; lastKnownFileType = sourcecode.swift; path = Personal.swift; sourceTree = "<group>"; };
/* End PBXFileReference section */

/* Begin PBXFrameworksBuildPhase section */
		82004509238F62D0001D7247 /* Frameworks */ = {
			isa = PBXFrameworksBuildPhase;
			buildActionMask = 2147483647;
			files = (
			);
			runOnlyForDeploymentPostprocessing = 0;
		};
		8200451F238F62D5001D7247 /* Frameworks */ = {
			isa = PBXFrameworksBuildPhase;
			buildActionMask = 2147483647;
			files = (
			);
			runOnlyForDeploymentPostprocessing = 0;
		};
		8200452A238F62D5001D7247 /* Frameworks */ = {
			isa = PBXFrameworksBuildPhase;
			buildActionMask = 2147483647;
			files = (
			);
			runOnlyForDeploymentPostprocessing = 0;
		};
/* End PBXFrameworksBuildPhase section */

/* Begin PBXGroup section */
		82004503238F62D0001D7247 = {
			isa = PBXGroup;
			children = (
				8200450E238F62D0001D7247 /* CourseRegistrationManager */,
				82004525238F62D5001D7247 /* CourseRegistrationManagerTests */,
				82004530238F62D5001D7247 /* CourseRegistrationManagerUITests */,
				8200450D238F62D0001D7247 /* Products */,
			);
			sourceTree = "<group>";
		};
		8200450D238F62D0001D7247 /* Products */ = {
			isa = PBXGroup;
			children = (
				8200450C238F62D0001D7247 /* CourseRegistrationManager.app */,
				82004522238F62D5001D7247 /* CourseRegistrationManagerTests.xctest */,
				8200452D238F62D5001D7247 /* CourseRegistrationManagerUITests.xctest */,
			);
			name = Products;
			sourceTree = "<group>";
		};
		8200450E238F62D0001D7247 /* CourseRegistrationManager */ = {
			isa = PBXGroup;
			children = (
				82004543238F6C94001D7247 /* Home.swift */,
				82004545238F6DEE001D7247 /* PersonalEditor.swift */,
				82004547238F6FB7001D7247 /* CreditsEditor.swift */,
				82C6B651238FB6A200BE220F /* Personal.swift */,
				829BA6CE2390AEA200FAF342 /* Credits.swift */,
				8200450F238F62D0001D7247 /* AppDelegate.swift */,
				82004511238F62D0001D7247 /* SceneDelegate.swift */,
				82004515238F62D5001D7247 /* Assets.xcassets */,
				8200451A238F62D5001D7247 /* LaunchScreen.storyboard */,
				8200451D238F62D5001D7247 /* Info.plist */,
				82004517238F62D5001D7247 /* Preview Content */,
			);
			path = CourseRegistrationManager;
			sourceTree = "<group>";
		};
		82004517238F62D5001D7247 /* Preview Content */ = {
			isa = PBXGroup;
			children = (
				82004518238F62D5001D7247 /* Preview Assets.xcassets */,
			);
			path = "Preview Content";
			sourceTree = "<group>";
		};
		82004525238F62D5001D7247 /* CourseRegistrationManagerTests */ = {
			isa = PBXGroup;
			children = (
				82004526238F62D5001D7247 /* CourseRegistrationManagerTests.swift */,
				82004528238F62D5001D7247 /* Info.plist */,
			);
			path = CourseRegistrationManagerTests;
			sourceTree = "<group>";
		};
		82004530238F62D5001D7247 /* CourseRegistrationManagerUITests */ = {
			isa = PBXGroup;
			children = (
				82004531238F62D5001D7247 /* CourseRegistrationManagerUITests.swift */,
				82004533238F62D5001D7247 /* Info.plist */,
			);
			path = CourseRegistrationManagerUITests;
			sourceTree = "<group>";
		};
/* End PBXGroup section */

/* Begin PBXNativeTarget section */
		8200450B238F62D0001D7247 /* CourseRegistrationManager */ = {
			isa = PBXNativeTarget;
			buildConfigurationList = 82004536238F62D5001D7247 /* Build configuration list for PBXNativeTarget "CourseRegistrationManager" */;
			buildPhases = (
				82004508238F62D0001D7247 /* Sources */,
				82004509238F62D0001D7247 /* Frameworks */,
				8200450A238F62D0001D7247 /* Resources */,
			);
			buildRules = (
			);
			dependencies = (
			);
			name = CourseRegistrationManager;
			productName = CourseRegistrationManager;
			productReference = 8200450C238F62D0001D7247 /* CourseRegistrationManager.app */;
			productType = "com.apple.product-type.application";
		};
		82004521238F62D5001D7247 /* CourseRegistrationManagerTests */ = {
			isa = PBXNativeTarget;
			buildConfigurationList = 82004539238F62D5001D7247 /* Build configuration list for PBXNativeTarget "CourseRegistrationManagerTests" */;
			buildPhases = (
				8200451E238F62D5001D7247 /* Sources */,
				8200451F238F62D5001D7247 /* Frameworks */,
				82004520238F62D5001D7247 /* Resources */,
			);
			buildRules = (
			);
			dependencies = (
				82004524238F62D5001D7247 /* PBXTargetDependency */,
			);
			name = CourseRegistrationManagerTests;
			productName = CourseRegistrationManagerTests;
			productReference = 82004522238F62D5001D7247 /* CourseRegistrationManagerTests.xctest */;
			productType = "com.apple.product-type.bundle.unit-test";
		};
		8200452C238F62D5001D7247 /* CourseRegistrationManagerUITests */ = {
			isa = PBXNativeTarget;
			buildConfigurationList = 8200453C238F62D5001D7247 /* Build configuration list for PBXNativeTarget "CourseRegistrationManagerUITests" */;
			buildPhases = (
				82004529238F62D5001D7247 /* Sources */,
				8200452A238F62D5001D7247 /* Frameworks */,
				8200452B238F62D5001D7247 /* Resources */,
			);
			buildRules = (
			);
			dependencies = (
				8200452F238F62D5001D7247 /* PBXTargetDependency */,
			);
			name = CourseRegistrationManagerUITests;
			productName = CourseRegistrationManagerUITests;
			productReference = 8200452D238F62D5001D7247 /* CourseRegistrationManagerUITests.xctest */;
			productType = "com.apple.product-type.bundle.ui-testing";
		};
/* End PBXNativeTarget section */

/* Begin PBXProject section */
		82004504238F62D0001D7247 /* Project object */ = {
			isa = PBXProject;
			attributes = {
				LastSwiftUpdateCheck = 1120;
				LastUpgradeCheck = 1120;
				ORGANIZATIONNAME = "Nakai Keitaro";
				TargetAttributes = {
					8200450B238F62D0001D7247 = {
						CreatedOnToolsVersion = 11.2.1;
					};
					82004521238F62D5001D7247 = {
						CreatedOnToolsVersion = 11.2.1;
						TestTargetID = 8200450B238F62D0001D7247;
					};
					8200452C238F62D5001D7247 = {
						CreatedOnToolsVersion = 11.2.1;
						TestTargetID = 8200450B238F62D0001D7247;
					};
				};
			};
			buildConfigurationList = 82004507238F62D0001D7247 /* Build configuration list for PBXProject "CourseRegistrationManager" */;
			compatibilityVersion = "Xcode 9.3";
			developmentRegion = en;
			hasScannedForEncodings = 0;
			knownRegions = (
				en,
				Base,
			);
			mainGroup = 82004503238F62D0001D7247;
			productRefGroup = 8200450D238F62D0001D7247 /* Products */;
			projectDirPath = "";
			projectRoot = "";
			targets = (
				8200450B238F62D0001D7247 /* CourseRegistrationManager */,
				82004521238F62D5001D7247 /* CourseRegistrationManagerTests */,
				8200452C238F62D5001D7247 /* CourseRegistrationManagerUITests */,
			);
		};
/* End PBXProject section */

/* Begin PBXResourcesBuildPhase section */
		8200450A238F62D0001D7247 /* Resources */ = {
			isa = PBXResourcesBuildPhase;
			buildActionMask = 2147483647;
			files = (
				8200451C238F62D5001D7247 /* LaunchScreen.storyboard in Resources */,
				82004519238F62D5001D7247 /* Preview Assets.xcassets in Resources */,
				82004516238F62D5001D7247 /* Assets.xcassets in Resources */,
			);
			runOnlyForDeploymentPostprocessing = 0;
		};
		82004520238F62D5001D7247 /* Resources */ = {
			isa = PBXResourcesBuildPhase;
			buildActionMask = 2147483647;
			files = (
			);
			runOnlyForDeploymentPostprocessing = 0;
		};
		8200452B238F62D5001D7247 /* Resources */ = {
			isa = PBXResourcesBuildPhase;
			buildActionMask = 2147483647;
			files = (
			);
			runOnlyForDeploymentPostprocessing = 0;
		};
/* End PBXResourcesBuildPhase section */

/* Begin PBXSourcesBuildPhase section */
		82004508238F62D0001D7247 /* Sources */ = {
			isa = PBXSourcesBuildPhase;
			buildActionMask = 2147483647;
			files = (
				82004510238F62D0001D7247 /* AppDelegate.swift in Sources */,
				82004512238F62D0001D7247 /* SceneDelegate.swift in Sources */,
				82004546238F6DEE001D7247 /* PersonalEditor.swift in Sources */,
				82C6B652238FB6A200BE220F /* Personal.swift in Sources */,
				82004548238F6FB7001D7247 /* CreditsEditor.swift in Sources */,
				829BA6CF2390AEA200FAF342 /* Credits.swift in Sources */,
				82004544238F6C94001D7247 /* Home.swift in Sources */,
			);
			runOnlyForDeploymentPostprocessing = 0;
		};
		8200451E238F62D5001D7247 /* Sources */ = {
			isa = PBXSourcesBuildPhase;
			buildActionMask = 2147483647;
			files = (
				82004527238F62D5001D7247 /* CourseRegistrationManagerTests.swift in Sources */,
			);
			runOnlyForDeploymentPostprocessing = 0;
		};
		82004529238F62D5001D7247 /* Sources */ = {
			isa = PBXSourcesBuildPhase;
			buildActionMask = 2147483647;
			files = (
				82004532238F62D5001D7247 /* CourseRegistrationManagerUITests.swift in Sources */,
			);
			runOnlyForDeploymentPostprocessing = 0;
		};
/* End PBXSourcesBuildPhase section */

/* Begin PBXTargetDependency section */
		82004524238F62D5001D7247 /* PBXTargetDependency */ = {
			isa = PBXTargetDependency;
			target = 8200450B238F62D0001D7247 /* CourseRegistrationManager */;
			targetProxy = 82004523238F62D5001D7247 /* PBXContainerItemProxy */;
		};
		8200452F238F62D5001D7247 /* PBXTargetDependency */ = {
			isa = PBXTargetDependency;
			target = 8200450B238F62D0001D7247 /* CourseRegistrationManager */;
			targetProxy = 8200452E238F62D5001D7247 /* PBXContainerItemProxy */;
		};
/* End PBXTargetDependency section */

/* Begin PBXVariantGroup section */
		8200451A238F62D5001D7247 /* LaunchScreen.storyboard */ = {
			isa = PBXVariantGroup;
			children = (
				8200451B238F62D5001D7247 /* Base */,
			);
			name = LaunchScreen.storyboard;
			sourceTree = "<group>";
		};
/* End PBXVariantGroup section */

/* Begin XCBuildConfiguration section */
		82004534238F62D5001D7247 /* Debug */ = {
			isa = XCBuildConfiguration;
			buildSettings = {
				ALWAYS_SEARCH_USER_PATHS = NO;
				CLANG_ANALYZER_NONNULL = YES;
				CLANG_ANALYZER_NUMBER_OBJECT_CONVERSION = YES_AGGRESSIVE;
				CLANG_CXX_LANGUAGE_STANDARD = "gnu++14";
				CLANG_CXX_LIBRARY = "libc++";
				CLANG_ENABLE_MODULES = YES;
				CLANG_ENABLE_OBJC_ARC = YES;
				CLANG_ENABLE_OBJC_WEAK = YES;
				CLANG_WARN_BLOCK_CAPTURE_AUTORELEASING = YES;
				CLANG_WARN_BOOL_CONVERSION = YES;
				CLANG_WARN_COMMA = YES;
				CLANG_WARN_CONSTANT_CONVERSION = YES;
				CLANG_WARN_DEPRECATED_OBJC_IMPLEMENTATIONS = YES;
				CLANG_WARN_DIRECT_OBJC_ISA_USAGE = YES_ERROR;
				CLANG_WARN_DOCUMENTATION_COMMENTS = YES;
				CLANG_WARN_EMPTY_BODY = YES;
				CLANG_WARN_ENUM_CONVERSION = YES;
				CLANG_WARN_INFINITE_RECURSION = YES;
				CLANG_WARN_INT_CONVERSION = YES;
				CLANG_WARN_NON_LITERAL_NULL_CONVERSION = YES;
				CLANG_WARN_OBJC_IMPLICIT_RETAIN_SELF = YES;
				CLANG_WARN_OBJC_LITERAL_CONVERSION = YES;
				CLANG_WARN_OBJC_ROOT_CLASS = YES_ERROR;
				CLANG_WARN_RANGE_LOOP_ANALYSIS = YES;
				CLANG_WARN_STRICT_PROTOTYPES = YES;
				CLANG_WARN_SUSPICIOUS_MOVE = YES;
				CLANG_WARN_UNGUARDED_AVAILABILITY = YES_AGGRESSIVE;
				CLANG_WARN_UNREACHABLE_CODE = YES;
				CLANG_WARN__DUPLICATE_METHOD_MATCH = YES;
				COPY_PHASE_STRIP = NO;
				DEBUG_INFORMATION_FORMAT = dwarf;
				ENABLE_STRICT_OBJC_MSGSEND = YES;
				ENABLE_TESTABILITY = YES;
				GCC_C_LANGUAGE_STANDARD = gnu11;
				GCC_DYNAMIC_NO_PIC = NO;
				GCC_NO_COMMON_BLOCKS = YES;
				GCC_OPTIMIZATION_LEVEL = 0;
				GCC_PREPROCESSOR_DEFINITIONS = (
					"DEBUG=1",
					"$(inherited)",
				);
				GCC_WARN_64_TO_32_BIT_CONVERSION = YES;
				GCC_WARN_ABOUT_RETURN_TYPE = YES_ERROR;
				GCC_WARN_UNDECLARED_SELECTOR = YES;
				GCC_WARN_UNINITIALIZED_AUTOS = YES_AGGRESSIVE;
				GCC_WARN_UNUSED_FUNCTION = YES;
				GCC_WARN_UNUSED_VARIABLE = YES;
				IPHONEOS_DEPLOYMENT_TARGET = 13.2;
				MTL_ENABLE_DEBUG_INFO = INCLUDE_SOURCE;
				MTL_FAST_MATH = YES;
				ONLY_ACTIVE_ARCH = YES;
				SDKROOT = iphoneos;
				SWIFT_ACTIVE_COMPILATION_CONDITIONS = DEBUG;
				SWIFT_OPTIMIZATION_LEVEL = "-Onone";
			};
			name = Debug;
		};
		82004535238F62D5001D7247 /* Release */ = {
			isa = XCBuildConfiguration;
			buildSettings = {
				ALWAYS_SEARCH_USER_PATHS = NO;
				CLANG_ANALYZER_NONNULL = YES;
				CLANG_ANALYZER_NUMBER_OBJECT_CONVERSION = YES_AGGRESSIVE;
				CLANG_CXX_LANGUAGE_STANDARD = "gnu++14";
				CLANG_CXX_LIBRARY = "libc++";
				CLANG_ENABLE_MODULES = YES;
				CLANG_ENABLE_OBJC_ARC = YES;
				CLANG_ENABLE_OBJC_WEAK = YES;
				CLANG_WARN_BLOCK_CAPTURE_AUTORELEASING = YES;
				CLANG_WARN_BOOL_CONVERSION = YES;
				CLANG_WARN_COMMA = YES;
				CLANG_WARN_CONSTANT_CONVERSION = YES;
				CLANG_WARN_DEPRECATED_OBJC_IMPLEMENTATIONS = YES;
				CLANG_WARN_DIRECT_OBJC_ISA_USAGE = YES_ERROR;
				CLANG_WARN_DOCUMENTATION_COMMENTS = YES;
				CLANG_WARN_EMPTY_BODY = YES;
				CLANG_WARN_ENUM_CONVERSION = YES;
				CLANG_WARN_INFINITE_RECURSION = YES;
				CLANG_WARN_INT_CONVERSION = YES;
				CLANG_WARN_NON_LITERAL_NULL_CONVERSION = YES;
				CLANG_WARN_OBJC_IMPLICIT_RETAIN_SELF = YES;
				CLANG_WARN_OBJC_LITERAL_CONVERSION = YES;
				CLANG_WARN_OBJC_ROOT_CLASS = YES_ERROR;
				CLANG_WARN_RANGE_LOOP_ANALYSIS = YES;
				CLANG_WARN_STRICT_PROTOTYPES = YES;
				CLANG_WARN_SUSPICIOUS_MOVE = YES;
				CLANG_WARN_UNGUARDED_AVAILABILITY = YES_AGGRESSIVE;
				CLANG_WARN_UNREACHABLE_CODE = YES;
				CLANG_WARN__DUPLICATE_METHOD_MATCH = YES;
				COPY_PHASE_STRIP = NO;
				DEBUG_INFORMATION_FORMAT = "dwarf-with-dsym";
				ENABLE_NS_ASSERTIONS = NO;
				ENABLE_STRICT_OBJC_MSGSEND = YES;
				GCC_C_LANGUAGE_STANDARD = gnu11;
				GCC_NO_COMMON_BLOCKS = YES;
				GCC_WARN_64_TO_32_BIT_CONVERSION = YES;
				GCC_WARN_ABOUT_RETURN_TYPE = YES_ERROR;
				GCC_WARN_UNDECLARED_SELECTOR = YES;
				GCC_WARN_UNINITIALIZED_AUTOS = YES_AGGRESSIVE;
				GCC_WARN_UNUSED_FUNCTION = YES;
				GCC_WARN_UNUSED_VARIABLE = YES;
				IPHONEOS_DEPLOYMENT_TARGET = 13.2;
				MTL_ENABLE_DEBUG_INFO = NO;
				MTL_FAST_MATH = YES;
				SDKROOT = iphoneos;
				SWIFT_COMPILATION_MODE = wholemodule;
				SWIFT_OPTIMIZATION_LEVEL = "-O";
				VALIDATE_PRODUCT = YES;
			};
			name = Release;
		};
		82004537238F62D5001D7247 /* Debug */ = {
			isa = XCBuildConfiguration;
			buildSettings = {
				ASSETCATALOG_COMPILER_APPICON_NAME = AppIcon;
				CODE_SIGN_STYLE = Automatic;
				DEVELOPMENT_ASSET_PATHS = "\"CourseRegistrationManager/Preview Content\"";
				ENABLE_PREVIEWS = YES;
				INFOPLIST_FILE = CourseRegistrationManager/Info.plist;
				LD_RUNPATH_SEARCH_PATHS = (
					"$(inherited)",
					"@executable_path/Frameworks",
				);
				PRODUCT_BUNDLE_IDENTIFIER = Apple.CourseRegistrationManager;
				PRODUCT_NAME = "$(TARGET_NAME)";
				SWIFT_VERSION = 5.0;
				TARGETED_DEVICE_FAMILY = "1,2";
			};
			name = Debug;
		};
		82004538238F62D5001D7247 /* Release */ = {
			isa = XCBuildConfiguration;
			buildSettings = {
				ASSETCATALOG_COMPILER_APPICON_NAME = AppIcon;
				CODE_SIGN_STYLE = Automatic;
				DEVELOPMENT_ASSET_PATHS = "\"CourseRegistrationManager/Preview Content\"";
				ENABLE_PREVIEWS = YES;
				INFOPLIST_FILE = CourseRegistrationManager/Info.plist;
				LD_RUNPATH_SEARCH_PATHS = (
					"$(inherited)",
					"@executable_path/Frameworks",
				);
				PRODUCT_BUNDLE_IDENTIFIER = Apple.CourseRegistrationManager;
				PRODUCT_NAME = "$(TARGET_NAME)";
				SWIFT_VERSION = 5.0;
				TARGETED_DEVICE_FAMILY = "1,2";
			};
			name = Release;
		};
		8200453A238F62D5001D7247 /* Debug */ = {
			isa = XCBuildConfiguration;
			buildSettings = {
				ALWAYS_EMBED_SWIFT_STANDARD_LIBRARIES = YES;
				BUNDLE_LOADER = "$(TEST_HOST)";
				CODE_SIGN_STYLE = Automatic;
				INFOPLIST_FILE = CourseRegistrationManagerTests/Info.plist;
				IPHONEOS_DEPLOYMENT_TARGET = 13.2;
				LD_RUNPATH_SEARCH_PATHS = (
					"$(inherited)",
					"@executable_path/Frameworks",
					"@loader_path/Frameworks",
				);
				PRODUCT_BUNDLE_IDENTIFIER = Apple.CourseRegistrationManagerTests;
				PRODUCT_NAME = "$(TARGET_NAME)";
				SWIFT_VERSION = 5.0;
				TARGETED_DEVICE_FAMILY = "1,2";
				TEST_HOST = "$(BUILT_PRODUCTS_DIR)/CourseRegistrationManager.app/CourseRegistrationManager";
			};
			name = Debug;
		};
		8200453B238F62D5001D7247 /* Release */ = {
			isa = XCBuildConfiguration;
			buildSettings = {
				ALWAYS_EMBED_SWIFT_STANDARD_LIBRARIES = YES;
				BUNDLE_LOADER = "$(TEST_HOST)";
				CODE_SIGN_STYLE = Automatic;
				INFOPLIST_FILE = CourseRegistrationManagerTests/Info.plist;
				IPHONEOS_DEPLOYMENT_TARGET = 13.2;
				LD_RUNPATH_SEARCH_PATHS = (
					"$(inherited)",
					"@executable_path/Frameworks",
					"@loader_path/Frameworks",
				);
				PRODUCT_BUNDLE_IDENTIFIER = Apple.CourseRegistrationManagerTests;
				PRODUCT_NAME = "$(TARGET_NAME)";
				SWIFT_VERSION = 5.0;
				TARGETED_DEVICE_FAMILY = "1,2";
				TEST_HOST = "$(BUILT_PRODUCTS_DIR)/CourseRegistrationManager.app/CourseRegistrationManager";
			};
			name = Release;
		};
		8200453D238F62D5001D7247 /* Debug */ = {
			isa = XCBuildConfiguration;
			buildSettings = {
				ALWAYS_EMBED_SWIFT_STANDARD_LIBRARIES = YES;
				CODE_SIGN_STYLE = Automatic;
				INFOPLIST_FILE = CourseRegistrationManagerUITests/Info.plist;
				LD_RUNPATH_SEARCH_PATHS = (
					"$(inherited)",
					"@executable_path/Frameworks",
					"@loader_path/Frameworks",
				);
				PRODUCT_BUNDLE_IDENTIFIER = Apple.CourseRegistrationManagerUITests;
				PRODUCT_NAME = "$(TARGET_NAME)";
				SWIFT_VERSION = 5.0;
				TARGETED_DEVICE_FAMILY = "1,2";
				TEST_TARGET_NAME = CourseRegistrationManager;
			};
			name = Debug;
		};
		8200453E238F62D5001D7247 /* Release */ = {
			isa = XCBuildConfiguration;
			buildSettings = {
				ALWAYS_EMBED_SWIFT_STANDARD_LIBRARIES = YES;
				CODE_SIGN_STYLE = Automatic;
				INFOPLIST_FILE = CourseRegistrationManagerUITests/Info.plist;
				LD_RUNPATH_SEARCH_PATHS = (
					"$(inherited)",
					"@executable_path/Frameworks",
					"@loader_path/Frameworks",
				);
				PRODUCT_BUNDLE_IDENTIFIER = Apple.CourseRegistrationManagerUITests;
				PRODUCT_NAME = "$(TARGET_NAME)";
				SWIFT_VERSION = 5.0;
				TARGETED_DEVICE_FAMILY = "1,2";
				TEST_TARGET_NAME = CourseRegistrationManager;
			};
			name = Release;
		};
/* End XCBuildConfiguration section */

/* Begin XCConfigurationList section */
		82004507238F62D0001D7247 /* Build configuration list for PBXProject "CourseRegistrationManager" */ = {
			isa = XCConfigurationList;
			buildConfigurations = (
				82004534238F62D5001D7247 /* Debug */,
				82004535238F62D5001D7247 /* Release */,
			);
			defaultConfigurationIsVisible = 0;
			defaultConfigurationName = Release;
		};
		82004536238F62D5001D7247 /* Build configuration list for PBXNativeTarget "CourseRegistrationManager" */ = {
			isa = XCConfigurationList;
			buildConfigurations = (
				82004537238F62D5001D7247 /* Debug */,
				82004538238F62D5001D7247 /* Release */,
			);
			defaultConfigurationIsVisible = 0;
			defaultConfigurationName = Release;
		};
		82004539238F62D5001D7247 /* Build configuration list for PBXNativeTarget "CourseRegistrationManagerTests" */ = {
			isa = XCConfigurationList;
			buildConfigurations = (
				8200453A238F62D5001D7247 /* Debug */,
				8200453B238F62D5001D7247 /* Release */,
			);
			defaultConfigurationIsVisible = 0;
			defaultConfigurationName = Release;
		};
		8200453C238F62D5001D7247 /* Build configuration list for PBXNativeTarget "CourseRegistrationManagerUITests" */ = {
			isa = XCConfigurationList;
			buildConfigurations = (
				8200453D238F62D5001D7247 /* Debug */,
				8200453E238F62D5001D7247 /* Release */,
			);
			defaultConfigurationIsVisible = 0;
			defaultConfigurationName = Release;
		};
/* End XCConfigurationList section */
	};
	rootObject = 82004504238F62D0001D7247 /* Project object */;
}
