// !$*UTF8*$!
{
	archiveVersion = 1;
	classes = {
	};
	objectVersion = 51;
	objects = {

/* Begin PBXBuildFile section */
		7A140A1A23F15A8B008CA186 /* internship.png in Resources */ = {isa = PBXBuildFile; fileRef = 7A140A1923F15A8A008CA186 /* internship.png */; };
		7A140A1C23F15A91008CA186 /* study.png in Resources */ = {isa = PBXBuildFile; fileRef = 7A140A1B23F15A91008CA186 /* study.png */; };
		7A140A1E23F2789D008CA186 /* default.realm in Resources */ = {isa = PBXBuildFile; fileRef = 7A140A1D23F2789D008CA186 /* default.realm */; };
		7A2975B023A0FF150012DFC9 /* LectureInfo.swift in Sources */ = {isa = PBXBuildFile; fileRef = 7A2975AF23A0FF150012DFC9 /* LectureInfo.swift */; };
		7A2975B223A1034E0012DFC9 /* LectureDatabase.swift in Sources */ = {isa = PBXBuildFile; fileRef = 7A2975B123A1034E0012DFC9 /* LectureDatabase.swift */; };
		821DAB7B23A87A87006C1576 /* programming.png in Resources */ = {isa = PBXBuildFile; fileRef = 821DAB7923A87A87006C1576 /* programming.png */; };
		821DAB7C23A87A87006C1576 /* language.png in Resources */ = {isa = PBXBuildFile; fileRef = 821DAB7A23A87A87006C1576 /* language.png */; };
		821DAB7F23A87BC9006C1576 /* CircleImage.swift in Sources */ = {isa = PBXBuildFile; fileRef = 821DAB7E23A87BC9006C1576 /* CircleImage.swift */; };
		82459D26239919EF00D15E43 /* UserData.swift in Sources */ = {isa = PBXBuildFile; fileRef = 82459D25239919EF00D15E43 /* UserData.swift */; };
		829FE96E23A872620085C0C9 /* CategoryRow.swift in Sources */ = {isa = PBXBuildFile; fileRef = 829FE96D23A872620085C0C9 /* CategoryRow.swift */; };
		829FE97023A8770B0085C0C9 /* math.png in Resources */ = {isa = PBXBuildFile; fileRef = 829FE96F23A8770B0085C0C9 /* math.png */; };
		82BACE142399E5D900C6F525 /* CreditList.swift in Sources */ = {isa = PBXBuildFile; fileRef = 82BACE132399E5D900C6F525 /* CreditList.swift */; };
		82BACE172399E88B00C6F525 /* creditData.json in Resources */ = {isa = PBXBuildFile; fileRef = 82BACE162399E88B00C6F525 /* creditData.json */; };
		82BACE192399EC7C00C6F525 /* Data.swift in Sources */ = {isa = PBXBuildFile; fileRef = 82BACE182399EC7C00C6F525 /* Data.swift */; };
		82BACE1B2399F78F00C6F525 /* CreditRow.swift in Sources */ = {isa = PBXBuildFile; fileRef = 82BACE1A2399F78F00C6F525 /* CreditRow.swift */; };
		82BACE1D2399F7BA00C6F525 /* CreditDetail.swift in Sources */ = {isa = PBXBuildFile; fileRef = 82BACE1C2399F7BA00C6F525 /* CreditDetail.swift */; };
		82E3114623A1E26A0055E00D /* icon.png in Resources */ = {isa = PBXBuildFile; fileRef = 82E3114523A1E26A0055E00D /* icon.png */; };
		82E3114823A1E3590055E00D /* icon20.png in Resources */ = {isa = PBXBuildFile; fileRef = 82E3114723A1E3590055E00D /* icon20.png */; };
		82E3115523A1E4780055E00D /* icon29.png in Resources */ = {isa = PBXBuildFile; fileRef = 82E3114923A1E4770055E00D /* icon29.png */; };
		82E3115623A1E4780055E00D /* icon60.png in Resources */ = {isa = PBXBuildFile; fileRef = 82E3114A23A1E4770055E00D /* icon60.png */; };
		82E3115723A1E4780055E00D /* icon58.png in Resources */ = {isa = PBXBuildFile; fileRef = 82E3114B23A1E4770055E00D /* icon58.png */; };
		82E3115823A1E4780055E00D /* icon76.png in Resources */ = {isa = PBXBuildFile; fileRef = 82E3114C23A1E4770055E00D /* icon76.png */; };
		82E3115923A1E4780055E00D /* icon152.png in Resources */ = {isa = PBXBuildFile; fileRef = 82E3114D23A1E4770055E00D /* icon152.png */; };
		82E3115A23A1E4780055E00D /* icon167.png in Resources */ = {isa = PBXBuildFile; fileRef = 82E3114E23A1E4770055E00D /* icon167.png */; };
		82E3115B23A1E4780055E00D /* icon80.png in Resources */ = {isa = PBXBuildFile; fileRef = 82E3114F23A1E4770055E00D /* icon80.png */; };
		82E3115C23A1E4780055E00D /* icon1024.png in Resources */ = {isa = PBXBuildFile; fileRef = 82E3115023A1E4770055E00D /* icon1024.png */; };
		82E3115D23A1E4780055E00D /* icon180.png in Resources */ = {isa = PBXBuildFile; fileRef = 82E3115123A1E4770055E00D /* icon180.png */; };
		82E3115E23A1E4780055E00D /* icon87.png in Resources */ = {isa = PBXBuildFile; fileRef = 82E3115223A1E4770055E00D /* icon87.png */; };
		82E3115F23A1E4780055E00D /* icon120.png in Resources */ = {isa = PBXBuildFile; fileRef = 82E3115323A1E4780055E00D /* icon120.png */; };
		82E3116023A1E4780055E00D /* icon40.png in Resources */ = {isa = PBXBuildFile; fileRef = 82E3115423A1E4780055E00D /* icon40.png */; };
		82F307612398EBF300CE61B4 /* AppDelegate.swift in Sources */ = {isa = PBXBuildFile; fileRef = 82F307602398EBF300CE61B4 /* AppDelegate.swift */; };
		82F307632398EBF300CE61B4 /* SceneDelegate.swift in Sources */ = {isa = PBXBuildFile; fileRef = 82F307622398EBF300CE61B4 /* SceneDelegate.swift */; };
		82F307672398EBF800CE61B4 /* Assets.xcassets in Resources */ = {isa = PBXBuildFile; fileRef = 82F307662398EBF800CE61B4 /* Assets.xcassets */; };
		82F3076A2398EBF800CE61B4 /* Preview Assets.xcassets in Resources */ = {isa = PBXBuildFile; fileRef = 82F307692398EBF800CE61B4 /* Preview Assets.xcassets */; };
		82F3076D2398EBF800CE61B4 /* LaunchScreen.storyboard in Resources */ = {isa = PBXBuildFile; fileRef = 82F3076B2398EBF800CE61B4 /* LaunchScreen.storyboard */; };
		82F307772398EC8D00CE61B4 /* Profile.swift in Sources */ = {isa = PBXBuildFile; fileRef = 82F307762398EC8D00CE61B4 /* Profile.swift */; };
		82F307792398ED0800CE61B4 /* ProfileHost.swift in Sources */ = {isa = PBXBuildFile; fileRef = 82F307782398ED0800CE61B4 /* ProfileHost.swift */; };
		82F3077B2398EDAF00CE61B4 /* Home.swift in Sources */ = {isa = PBXBuildFile; fileRef = 82F3077A2398EDAF00CE61B4 /* Home.swift */; };
		82F3077D2398EE7200CE61B4 /* Credit.swift in Sources */ = {isa = PBXBuildFile; fileRef = 82F3077C2398EE7200CE61B4 /* Credit.swift */; };
		82F307822398F59700CE61B4 /* ProfileSummary.swift in Sources */ = {isa = PBXBuildFile; fileRef = 82F307812398F59700CE61B4 /* ProfileSummary.swift */; };
		82F307842398F6FE00CE61B4 /* ProfileEditor.swift in Sources */ = {isa = PBXBuildFile; fileRef = 82F307832398F6FE00CE61B4 /* ProfileEditor.swift */; };
		82F7313F23A34FDC00C981AC /* ProfileImage.swift in Sources */ = {isa = PBXBuildFile; fileRef = 82F7313E23A34FDC00C981AC /* ProfileImage.swift */; };
		9BBFEC0C5610D34F11D7226E /* Pods_Manager.framework in Frameworks */ = {isa = PBXBuildFile; fileRef = 7C9F658FB6B731161666AEE3 /* Pods_Manager.framework */; };
/* End PBXBuildFile section */

/* Begin PBXFileReference section */
		4278682A4581FA202F7845A3 /* Pods-Manager.release.xcconfig */ = {isa = PBXFileReference; includeInIndex = 1; lastKnownFileType = text.xcconfig; name = "Pods-Manager.release.xcconfig"; path = "Target Support Files/Pods-Manager/Pods-Manager.release.xcconfig"; sourceTree = "<group>"; };
		7A140A1923F15A8A008CA186 /* internship.png */ = {isa = PBXFileReference; lastKnownFileType = image.png; path = internship.png; sourceTree = "<group>"; };
		7A140A1B23F15A91008CA186 /* study.png */ = {isa = PBXFileReference; lastKnownFileType = image.png; path = study.png; sourceTree = "<group>"; };
		7A140A1D23F2789D008CA186 /* default.realm */ = {isa = PBXFileReference; lastKnownFileType = file; path = default.realm; sourceTree = "<group>"; };
		7A2975AF23A0FF150012DFC9 /* LectureInfo.swift */ = {isa = PBXFileReference; lastKnownFileType = sourcecode.swift; path = LectureInfo.swift; sourceTree = "<group>"; };
		7A2975B123A1034E0012DFC9 /* LectureDatabase.swift */ = {isa = PBXFileReference; lastKnownFileType = sourcecode.swift; path = LectureDatabase.swift; sourceTree = "<group>"; };
		7C9F658FB6B731161666AEE3 /* Pods_Manager.framework */ = {isa = PBXFileReference; explicitFileType = wrapper.framework; includeInIndex = 0; path = Pods_Manager.framework; sourceTree = BUILT_PRODUCTS_DIR; };
		81AAE736C78F6AFDDDD34F95 /* Pods-Manager.debug.xcconfig */ = {isa = PBXFileReference; includeInIndex = 1; lastKnownFileType = text.xcconfig; name = "Pods-Manager.debug.xcconfig"; path = "Target Support Files/Pods-Manager/Pods-Manager.debug.xcconfig"; sourceTree = "<group>"; };
		821DAB7923A87A87006C1576 /* programming.png */ = {isa = PBXFileReference; lastKnownFileType = image.png; path = programming.png; sourceTree = "<group>"; };
		821DAB7A23A87A87006C1576 /* language.png */ = {isa = PBXFileReference; lastKnownFileType = image.png; path = language.png; sourceTree = "<group>"; };
		821DAB7E23A87BC9006C1576 /* CircleImage.swift */ = {isa = PBXFileReference; lastKnownFileType = sourcecode.swift; path = CircleImage.swift; sourceTree = "<group>"; };
		82459D25239919EF00D15E43 /* UserData.swift */ = {isa = PBXFileReference; lastKnownFileType = sourcecode.swift; path = UserData.swift; sourceTree = "<group>"; };
		829FE96D23A872620085C0C9 /* CategoryRow.swift */ = {isa = PBXFileReference; lastKnownFileType = sourcecode.swift; path = CategoryRow.swift; sourceTree = "<group>"; };
		829FE96F23A8770B0085C0C9 /* math.png */ = {isa = PBXFileReference; lastKnownFileType = image.png; path = math.png; sourceTree = "<group>"; };
		82BACE132399E5D900C6F525 /* CreditList.swift */ = {isa = PBXFileReference; lastKnownFileType = sourcecode.swift; path = CreditList.swift; sourceTree = "<group>"; };
		82BACE162399E88B00C6F525 /* creditData.json */ = {isa = PBXFileReference; fileEncoding = 4; lastKnownFileType = text.json; path = creditData.json; sourceTree = "<group>"; };
		82BACE182399EC7C00C6F525 /* Data.swift */ = {isa = PBXFileReference; lastKnownFileType = sourcecode.swift; path = Data.swift; sourceTree = "<group>"; };
		82BACE1A2399F78F00C6F525 /* CreditRow.swift */ = {isa = PBXFileReference; lastKnownFileType = sourcecode.swift; path = CreditRow.swift; sourceTree = "<group>"; };
		82BACE1C2399F7BA00C6F525 /* CreditDetail.swift */ = {isa = PBXFileReference; lastKnownFileType = sourcecode.swift; path = CreditDetail.swift; sourceTree = "<group>"; };
		82E3114523A1E26A0055E00D /* icon.png */ = {isa = PBXFileReference; lastKnownFileType = image.png; path = icon.png; sourceTree = "<group>"; };
		82E3114723A1E3590055E00D /* icon20.png */ = {isa = PBXFileReference; lastKnownFileType = image.png; name = icon20.png; path = Manager/Icon/icon20.png; sourceTree = SOURCE_ROOT; };
		82E3114923A1E4770055E00D /* icon29.png */ = {isa = PBXFileReference; lastKnownFileType = image.png; name = icon29.png; path = Manager/Icon/icon29.png; sourceTree = SOURCE_ROOT; };
		82E3114A23A1E4770055E00D /* icon60.png */ = {isa = PBXFileReference; lastKnownFileType = image.png; name = icon60.png; path = Manager/Icon/icon60.png; sourceTree = SOURCE_ROOT; };
		82E3114B23A1E4770055E00D /* icon58.png */ = {isa = PBXFileReference; lastKnownFileType = image.png; name = icon58.png; path = Manager/Icon/icon58.png; sourceTree = SOURCE_ROOT; };
		82E3114C23A1E4770055E00D /* icon76.png */ = {isa = PBXFileReference; lastKnownFileType = image.png; name = icon76.png; path = Manager/Icon/icon76.png; sourceTree = SOURCE_ROOT; };
		82E3114D23A1E4770055E00D /* icon152.png */ = {isa = PBXFileReference; lastKnownFileType = image.png; name = icon152.png; path = Manager/Icon/icon152.png; sourceTree = SOURCE_ROOT; };
		82E3114E23A1E4770055E00D /* icon167.png */ = {isa = PBXFileReference; lastKnownFileType = image.png; name = icon167.png; path = Manager/Icon/icon167.png; sourceTree = SOURCE_ROOT; };
		82E3114F23A1E4770055E00D /* icon80.png */ = {isa = PBXFileReference; lastKnownFileType = image.png; name = icon80.png; path = Manager/Icon/icon80.png; sourceTree = SOURCE_ROOT; };
		82E3115023A1E4770055E00D /* icon1024.png */ = {isa = PBXFileReference; lastKnownFileType = image.png; name = icon1024.png; path = Manager/Resources/icon1024.png; sourceTree = SOURCE_ROOT; };
		82E3115123A1E4770055E00D /* icon180.png */ = {isa = PBXFileReference; lastKnownFileType = image.png; name = icon180.png; path = Manager/Icon/icon180.png; sourceTree = SOURCE_ROOT; };
		82E3115223A1E4770055E00D /* icon87.png */ = {isa = PBXFileReference; lastKnownFileType = image.png; name = icon87.png; path = Manager/Icon/icon87.png; sourceTree = SOURCE_ROOT; };
		82E3115323A1E4780055E00D /* icon120.png */ = {isa = PBXFileReference; lastKnownFileType = image.png; name = icon120.png; path = Manager/Icon/icon120.png; sourceTree = SOURCE_ROOT; };
		82E3115423A1E4780055E00D /* icon40.png */ = {isa = PBXFileReference; lastKnownFileType = image.png; name = icon40.png; path = Manager/Icon/icon40.png; sourceTree = SOURCE_ROOT; };
		82F3075D2398EBF300CE61B4 /* Manager.app */ = {isa = PBXFileReference; explicitFileType = wrapper.application; includeInIndex = 0; path = Manager.app; sourceTree = BUILT_PRODUCTS_DIR; };
		82F307602398EBF300CE61B4 /* AppDelegate.swift */ = {isa = PBXFileReference; lastKnownFileType = sourcecode.swift; path = AppDelegate.swift; sourceTree = "<group>"; };
		82F307622398EBF300CE61B4 /* SceneDelegate.swift */ = {isa = PBXFileReference; lastKnownFileType = sourcecode.swift; path = SceneDelegate.swift; sourceTree = "<group>"; };
		82F307662398EBF800CE61B4 /* Assets.xcassets */ = {isa = PBXFileReference; lastKnownFileType = folder.assetcatalog; path = Assets.xcassets; sourceTree = "<group>"; };
		82F307692398EBF800CE61B4 /* Preview Assets.xcassets */ = {isa = PBXFileReference; lastKnownFileType = folder.assetcatalog; path = "Preview Assets.xcassets"; sourceTree = "<group>"; };
		82F3076C2398EBF800CE61B4 /* Base */ = {isa = PBXFileReference; lastKnownFileType = file.storyboard; name = Base; path = Base.lproj/LaunchScreen.storyboard; sourceTree = "<group>"; };
		82F3076E2398EBF800CE61B4 /* Info.plist */ = {isa = PBXFileReference; lastKnownFileType = text.plist.xml; path = Info.plist; sourceTree = "<group>"; };
		82F307762398EC8D00CE61B4 /* Profile.swift */ = {isa = PBXFileReference; lastKnownFileType = sourcecode.swift; path = Profile.swift; sourceTree = "<group>"; };
		82F307782398ED0800CE61B4 /* ProfileHost.swift */ = {isa = PBXFileReference; lastKnownFileType = sourcecode.swift; path = ProfileHost.swift; sourceTree = "<group>"; };
		82F3077A2398EDAF00CE61B4 /* Home.swift */ = {isa = PBXFileReference; lastKnownFileType = sourcecode.swift; path = Home.swift; sourceTree = "<group>"; };
		82F3077C2398EE7200CE61B4 /* Credit.swift */ = {isa = PBXFileReference; lastKnownFileType = sourcecode.swift; path = Credit.swift; sourceTree = "<group>"; };
		82F307812398F59700CE61B4 /* ProfileSummary.swift */ = {isa = PBXFileReference; lastKnownFileType = sourcecode.swift; path = ProfileSummary.swift; sourceTree = "<group>"; };
		82F307832398F6FE00CE61B4 /* ProfileEditor.swift */ = {isa = PBXFileReference; lastKnownFileType = sourcecode.swift; path = ProfileEditor.swift; sourceTree = "<group>"; };
		82F62610239FC0640086E207 /* Icon */ = {isa = PBXFileReference; lastKnownFileType = folder; name = Icon; path = /Users/keitaro/SoftDevTeamJ/Manager/Manager/Icon; sourceTree = "<absolute>"; };
		82F7313E23A34FDC00C981AC /* ProfileImage.swift */ = {isa = PBXFileReference; lastKnownFileType = sourcecode.swift; path = ProfileImage.swift; sourceTree = "<group>"; };
/* End PBXFileReference section */

/* Begin PBXFrameworksBuildPhase section */
		82F3075A2398EBF300CE61B4 /* Frameworks */ = {
			isa = PBXFrameworksBuildPhase;
			buildActionMask = 2147483647;
			files = (
				9BBFEC0C5610D34F11D7226E /* Pods_Manager.framework in Frameworks */,
			);
			runOnlyForDeploymentPostprocessing = 0;
		};
/* End PBXFrameworksBuildPhase section */

/* Begin PBXGroup section */
		65B33522948D218090CDBE1E /* Pods */ = {
			isa = PBXGroup;
			children = (
				81AAE736C78F6AFDDDD34F95 /* Pods-Manager.debug.xcconfig */,
				4278682A4581FA202F7845A3 /* Pods-Manager.release.xcconfig */,
			);
			path = Pods;
			sourceTree = "<group>";
		};
		821DAB7D23A87B91006C1576 /* Supporting Views */ = {
			isa = PBXGroup;
			children = (
				821DAB7E23A87BC9006C1576 /* CircleImage.swift */,
			);
			path = "Supporting Views";
			sourceTree = "<group>";
		};
		82BACE152399E79000C6F525 /* Resources */ = {
			isa = PBXGroup;
			children = (
				7A140A1D23F2789D008CA186 /* default.realm */,
				82BACE162399E88B00C6F525 /* creditData.json */,
				7A140A1B23F15A91008CA186 /* study.png */,
				821DAB7923A87A87006C1576 /* programming.png */,
				821DAB7A23A87A87006C1576 /* language.png */,
				829FE96F23A8770B0085C0C9 /* math.png */,
				7A140A1923F15A8A008CA186 /* internship.png */,
				82E3114523A1E26A0055E00D /* icon.png */,
				82E3114723A1E3590055E00D /* icon20.png */,
				82E3114923A1E4770055E00D /* icon29.png */,
				82E3115423A1E4780055E00D /* icon40.png */,
				82E3114B23A1E4770055E00D /* icon58.png */,
				82E3114A23A1E4770055E00D /* icon60.png */,
				82E3114C23A1E4770055E00D /* icon76.png */,
				82E3114F23A1E4770055E00D /* icon80.png */,
				82E3115223A1E4770055E00D /* icon87.png */,
				82E3115323A1E4780055E00D /* icon120.png */,
				82E3114D23A1E4770055E00D /* icon152.png */,
				82E3114E23A1E4770055E00D /* icon167.png */,
				82E3115123A1E4770055E00D /* icon180.png */,
				82E3115023A1E4770055E00D /* icon1024.png */,
			);
			path = Resources;
			sourceTree = "<group>";
		};
		82F307542398EBF300CE61B4 = {
			isa = PBXGroup;
			children = (
				82F3075F2398EBF300CE61B4 /* Manager */,
				82F3075E2398EBF300CE61B4 /* Products */,
				65B33522948D218090CDBE1E /* Pods */,
				E3A078AA359327D46D490242 /* Frameworks */,
			);
			sourceTree = "<group>";
		};
		82F3075E2398EBF300CE61B4 /* Products */ = {
			isa = PBXGroup;
			children = (
				82F3075D2398EBF300CE61B4 /* Manager.app */,
			);
			name = Products;
			sourceTree = "<group>";
		};
		82F3075F2398EBF300CE61B4 /* Manager */ = {
			isa = PBXGroup;
			children = (
				82F307742398EC5800CE61B4 /* Models */,
				82F307752398EC6400CE61B4 /* Profiles */,
				82F307802398EEE000CE61B4 /* Credits */,
				82F307602398EBF300CE61B4 /* AppDelegate.swift */,
				82F307622398EBF300CE61B4 /* SceneDelegate.swift */,
				82F3077A2398EDAF00CE61B4 /* Home.swift */,
				829FE96D23A872620085C0C9 /* CategoryRow.swift */,
				821DAB7D23A87B91006C1576 /* Supporting Views */,
				82BACE152399E79000C6F525 /* Resources */,
				82F62610239FC0640086E207 /* Icon */,
				82F307662398EBF800CE61B4 /* Assets.xcassets */,
				82F3076B2398EBF800CE61B4 /* LaunchScreen.storyboard */,
				82F3076E2398EBF800CE61B4 /* Info.plist */,
				82F307682398EBF800CE61B4 /* Preview Content */,
			);
			path = Manager;
			sourceTree = "<group>";
		};
		82F307682398EBF800CE61B4 /* Preview Content */ = {
			isa = PBXGroup;
			children = (
				82F307692398EBF800CE61B4 /* Preview Assets.xcassets */,
			);
			path = "Preview Content";
			sourceTree = "<group>";
		};
		82F307742398EC5800CE61B4 /* Models */ = {
			isa = PBXGroup;
			children = (
				82F307762398EC8D00CE61B4 /* Profile.swift */,
				82BACE182399EC7C00C6F525 /* Data.swift */,
				82F3077C2398EE7200CE61B4 /* Credit.swift */,
				82459D25239919EF00D15E43 /* UserData.swift */,
				7A2975AF23A0FF150012DFC9 /* LectureInfo.swift */,
				7A2975B123A1034E0012DFC9 /* LectureDatabase.swift */,
			);
			path = Models;
			sourceTree = "<group>";
		};
		82F307752398EC6400CE61B4 /* Profiles */ = {
			isa = PBXGroup;
			children = (
				82F307782398ED0800CE61B4 /* ProfileHost.swift */,
				82F307812398F59700CE61B4 /* ProfileSummary.swift */,
				82F307832398F6FE00CE61B4 /* ProfileEditor.swift */,
				82F7313E23A34FDC00C981AC /* ProfileImage.swift */,
			);
			path = Profiles;
			sourceTree = "<group>";
		};
		82F307802398EEE000CE61B4 /* Credits */ = {
			isa = PBXGroup;
			children = (
				82BACE132399E5D900C6F525 /* CreditList.swift */,
				82BACE1A2399F78F00C6F525 /* CreditRow.swift */,
				82BACE1C2399F7BA00C6F525 /* CreditDetail.swift */,
			);
			path = Credits;
			sourceTree = "<group>";
		};
		E3A078AA359327D46D490242 /* Frameworks */ = {
			isa = PBXGroup;
			children = (
				7C9F658FB6B731161666AEE3 /* Pods_Manager.framework */,
			);
			name = Frameworks;
			sourceTree = "<group>";
		};
/* End PBXGroup section */

/* Begin PBXNativeTarget section */
		82F3075C2398EBF300CE61B4 /* Manager */ = {
			isa = PBXNativeTarget;
			buildConfigurationList = 82F307712398EBF800CE61B4 /* Build configuration list for PBXNativeTarget "Manager" */;
			buildPhases = (
				88AF51D0E85B78076B1A774D /* [CP] Check Pods Manifest.lock */,
				82F307592398EBF300CE61B4 /* Sources */,
				82F3075A2398EBF300CE61B4 /* Frameworks */,
				82F3075B2398EBF300CE61B4 /* Resources */,
				78268A9488D7ECA2BCD8CFD0 /* [CP] Embed Pods Frameworks */,
			);
			buildRules = (
			);
			dependencies = (
			);
			name = Manager;
			productName = Manager;
			productReference = 82F3075D2398EBF300CE61B4 /* Manager.app */;
			productType = "com.apple.product-type.application";
		};
/* End PBXNativeTarget section */

/* Begin PBXProject section */
		82F307552398EBF300CE61B4 /* Project object */ = {
			isa = PBXProject;
			attributes = {
				LastSwiftUpdateCheck = 1120;
				LastUpgradeCheck = 1120;
				ORGANIZATIONNAME = "Nakai Keitaro";
				TargetAttributes = {
					82F3075C2398EBF300CE61B4 = {
						CreatedOnToolsVersion = 11.2.1;
					};
				};
			};
			buildConfigurationList = 82F307582398EBF300CE61B4 /* Build configuration list for PBXProject "Manager" */;
			compatibilityVersion = "Xcode 9.3";
			developmentRegion = en;
			hasScannedForEncodings = 0;
			knownRegions = (
				en,
				Base,
			);
			mainGroup = 82F307542398EBF300CE61B4;
			productRefGroup = 82F3075E2398EBF300CE61B4 /* Products */;
			projectDirPath = "";
			projectRoot = "";
			targets = (
				82F3075C2398EBF300CE61B4 /* Manager */,
			);
		};
/* End PBXProject section */

/* Begin PBXResourcesBuildPhase section */
		82F3075B2398EBF300CE61B4 /* Resources */ = {
			isa = PBXResourcesBuildPhase;
			buildActionMask = 2147483647;
			files = (
				82E3115B23A1E4780055E00D /* icon80.png in Resources */,
				82E3115F23A1E4780055E00D /* icon120.png in Resources */,
				82E3115C23A1E4780055E00D /* icon1024.png in Resources */,
				82E3115523A1E4780055E00D /* icon29.png in Resources */,
				82E3116023A1E4780055E00D /* icon40.png in Resources */,
				82E3115923A1E4780055E00D /* icon152.png in Resources */,
				82BACE172399E88B00C6F525 /* creditData.json in Resources */,
				82E3115E23A1E4780055E00D /* icon87.png in Resources */,
				82E3114623A1E26A0055E00D /* icon.png in Resources */,
				82E3114823A1E3590055E00D /* icon20.png in Resources */,
				82E3115A23A1E4780055E00D /* icon167.png in Resources */,
				821DAB7C23A87A87006C1576 /* language.png in Resources */,
				7A140A1C23F15A91008CA186 /* study.png in Resources */,
				82E3115623A1E4780055E00D /* icon60.png in Resources */,
				829FE97023A8770B0085C0C9 /* math.png in Resources */,
				821DAB7B23A87A87006C1576 /* programming.png in Resources */,
				82F3076D2398EBF800CE61B4 /* LaunchScreen.storyboard in Resources */,
				7A140A1E23F2789D008CA186 /* default.realm in Resources */,
				82E3115723A1E4780055E00D /* icon58.png in Resources */,
				82F3076A2398EBF800CE61B4 /* Preview Assets.xcassets in Resources */,
				82F307672398EBF800CE61B4 /* Assets.xcassets in Resources */,
				7A140A1A23F15A8B008CA186 /* internship.png in Resources */,
				82E3115823A1E4780055E00D /* icon76.png in Resources */,
				82E3115D23A1E4780055E00D /* icon180.png in Resources */,
			);
			runOnlyForDeploymentPostprocessing = 0;
		};
/* End PBXResourcesBuildPhase section */

/* Begin PBXShellScriptBuildPhase section */
		78268A9488D7ECA2BCD8CFD0 /* [CP] Embed Pods Frameworks */ = {
			isa = PBXShellScriptBuildPhase;
			buildActionMask = 2147483647;
			files = (
			);
			inputFileListPaths = (
				"${PODS_ROOT}/Target Support Files/Pods-Manager/Pods-Manager-frameworks-${CONFIGURATION}-input-files.xcfilelist",
			);
			name = "[CP] Embed Pods Frameworks";
			outputFileListPaths = (
				"${PODS_ROOT}/Target Support Files/Pods-Manager/Pods-Manager-frameworks-${CONFIGURATION}-output-files.xcfilelist",
			);
			runOnlyForDeploymentPostprocessing = 0;
			shellPath = /bin/sh;
			shellScript = "\"${PODS_ROOT}/Target Support Files/Pods-Manager/Pods-Manager-frameworks.sh\"\n";
			showEnvVarsInLog = 0;
		};
		88AF51D0E85B78076B1A774D /* [CP] Check Pods Manifest.lock */ = {
			isa = PBXShellScriptBuildPhase;
			buildActionMask = 2147483647;
			files = (
			);
			inputFileListPaths = (
			);
			inputPaths = (
				"${PODS_PODFILE_DIR_PATH}/Podfile.lock",
				"${PODS_ROOT}/Manifest.lock",
			);
			name = "[CP] Check Pods Manifest.lock";
			outputFileListPaths = (
			);
			outputPaths = (
				"$(DERIVED_FILE_DIR)/Pods-Manager-checkManifestLockResult.txt",
			);
			runOnlyForDeploymentPostprocessing = 0;
			shellPath = /bin/sh;
			shellScript = "diff \"${PODS_PODFILE_DIR_PATH}/Podfile.lock\" \"${PODS_ROOT}/Manifest.lock\" > /dev/null\nif [ $? != 0 ] ; then\n    # print error to STDERR\n    echo \"error: The sandbox is not in sync with the Podfile.lock. Run 'pod install' or update your CocoaPods installation.\" >&2\n    exit 1\nfi\n# This output is used by Xcode 'outputs' to avoid re-running this script phase.\necho \"SUCCESS\" > \"${SCRIPT_OUTPUT_FILE_0}\"\n";
			showEnvVarsInLog = 0;
		};
/* End PBXShellScriptBuildPhase section */

/* Begin PBXSourcesBuildPhase section */
		82F307592398EBF300CE61B4 /* Sources */ = {
			isa = PBXSourcesBuildPhase;
			buildActionMask = 2147483647;
			files = (
				7A2975B223A1034E0012DFC9 /* LectureDatabase.swift in Sources */,
				82F307612398EBF300CE61B4 /* AppDelegate.swift in Sources */,
				821DAB7F23A87BC9006C1576 /* CircleImage.swift in Sources */,
				82BACE1B2399F78F00C6F525 /* CreditRow.swift in Sources */,
				82F307772398EC8D00CE61B4 /* Profile.swift in Sources */,
				82BACE1D2399F7BA00C6F525 /* CreditDetail.swift in Sources */,
				82BACE142399E5D900C6F525 /* CreditList.swift in Sources */,
				82F307632398EBF300CE61B4 /* SceneDelegate.swift in Sources */,
				82F307792398ED0800CE61B4 /* ProfileHost.swift in Sources */,
				829FE96E23A872620085C0C9 /* CategoryRow.swift in Sources */,
				82F3077B2398EDAF00CE61B4 /* Home.swift in Sources */,
				7A2975B023A0FF150012DFC9 /* LectureInfo.swift in Sources */,
				82BACE192399EC7C00C6F525 /* Data.swift in Sources */,
				82F7313F23A34FDC00C981AC /* ProfileImage.swift in Sources */,
				82F307822398F59700CE61B4 /* ProfileSummary.swift in Sources */,
				82F3077D2398EE7200CE61B4 /* Credit.swift in Sources */,
				82459D26239919EF00D15E43 /* UserData.swift in Sources */,
				82F307842398F6FE00CE61B4 /* ProfileEditor.swift in Sources */,
			);
			runOnlyForDeploymentPostprocessing = 0;
		};
/* End PBXSourcesBuildPhase section */

/* Begin PBXVariantGroup section */
		82F3076B2398EBF800CE61B4 /* LaunchScreen.storyboard */ = {
			isa = PBXVariantGroup;
			children = (
				82F3076C2398EBF800CE61B4 /* Base */,
			);
			name = LaunchScreen.storyboard;
			sourceTree = "<group>";
		};
/* End PBXVariantGroup section */

/* Begin XCBuildConfiguration section */
		82F3076F2398EBF800CE61B4 /* Debug */ = {
			isa = XCBuildConfiguration;
			buildSettings = {
				ALWAYS_SEARCH_USER_PATHS = NO;
				CLANG_ANALYZER_NONNULL = YES;
				CLANG_ANALYZER_NUMBER_OBJECT_CONVERSION = YES_AGGRESSIVE;
				CLANG_CXX_LANGUAGE_STANDARD = "gnu++14";
				CLANG_CXX_LIBRARY = "libc++";
				CLANG_ENABLE_MODULES = YES;
				CLANG_ENABLE_OBJC_ARC = YES;
				CLANG_ENABLE_OBJC_WEAK = YES;
				CLANG_WARN_BLOCK_CAPTURE_AUTORELEASING = YES;
				CLANG_WARN_BOOL_CONVERSION = YES;
				CLANG_WARN_COMMA = YES;
				CLANG_WARN_CONSTANT_CONVERSION = YES;
				CLANG_WARN_DEPRECATED_OBJC_IMPLEMENTATIONS = YES;
				CLANG_WARN_DIRECT_OBJC_ISA_USAGE = YES_ERROR;
				CLANG_WARN_DOCUMENTATION_COMMENTS = YES;
				CLANG_WARN_EMPTY_BODY = YES;
				CLANG_WARN_ENUM_CONVERSION = YES;
				CLANG_WARN_INFINITE_RECURSION = YES;
				CLANG_WARN_INT_CONVERSION = YES;
				CLANG_WARN_NON_LITERAL_NULL_CONVERSION = YES;
				CLANG_WARN_OBJC_IMPLICIT_RETAIN_SELF = YES;
				CLANG_WARN_OBJC_LITERAL_CONVERSION = YES;
				CLANG_WARN_OBJC_ROOT_CLASS = YES_ERROR;
				CLANG_WARN_RANGE_LOOP_ANALYSIS = YES;
				CLANG_WARN_STRICT_PROTOTYPES = YES;
				CLANG_WARN_SUSPICIOUS_MOVE = YES;
				CLANG_WARN_UNGUARDED_AVAILABILITY = YES_AGGRESSIVE;
				CLANG_WARN_UNREACHABLE_CODE = YES;
				CLANG_WARN__DUPLICATE_METHOD_MATCH = YES;
				COPY_PHASE_STRIP = NO;
				DEBUG_INFORMATION_FORMAT = dwarf;
				ENABLE_STRICT_OBJC_MSGSEND = YES;
				ENABLE_TESTABILITY = YES;
				GCC_C_LANGUAGE_STANDARD = gnu11;
				GCC_DYNAMIC_NO_PIC = NO;
				GCC_NO_COMMON_BLOCKS = YES;
				GCC_OPTIMIZATION_LEVEL = 0;
				GCC_PREPROCESSOR_DEFINITIONS = (
					"DEBUG=1",
					"$(inherited)",
				);
				GCC_WARN_64_TO_32_BIT_CONVERSION = YES;
				GCC_WARN_ABOUT_RETURN_TYPE = YES_ERROR;
				GCC_WARN_UNDECLARED_SELECTOR = YES;
				GCC_WARN_UNINITIALIZED_AUTOS = YES_AGGRESSIVE;
				GCC_WARN_UNUSED_FUNCTION = YES;
				GCC_WARN_UNUSED_VARIABLE = YES;
				IPHONEOS_DEPLOYMENT_TARGET = 13.2;
				MTL_ENABLE_DEBUG_INFO = INCLUDE_SOURCE;
				MTL_FAST_MATH = YES;
				ONLY_ACTIVE_ARCH = YES;
				SDKROOT = iphoneos;
				SWIFT_ACTIVE_COMPILATION_CONDITIONS = DEBUG;
				SWIFT_OPTIMIZATION_LEVEL = "-Onone";
			};
			name = Debug;
		};
		82F307702398EBF800CE61B4 /* Release */ = {
			isa = XCBuildConfiguration;
			buildSettings = {
				ALWAYS_SEARCH_USER_PATHS = NO;
				CLANG_ANALYZER_NONNULL = YES;
				CLANG_ANALYZER_NUMBER_OBJECT_CONVERSION = YES_AGGRESSIVE;
				CLANG_CXX_LANGUAGE_STANDARD = "gnu++14";
				CLANG_CXX_LIBRARY = "libc++";
				CLANG_ENABLE_MODULES = YES;
				CLANG_ENABLE_OBJC_ARC = YES;
				CLANG_ENABLE_OBJC_WEAK = YES;
				CLANG_WARN_BLOCK_CAPTURE_AUTORELEASING = YES;
				CLANG_WARN_BOOL_CONVERSION = YES;
				CLANG_WARN_COMMA = YES;
				CLANG_WARN_CONSTANT_CONVERSION = YES;
				CLANG_WARN_DEPRECATED_OBJC_IMPLEMENTATIONS = YES;
				CLANG_WARN_DIRECT_OBJC_ISA_USAGE = YES_ERROR;
				CLANG_WARN_DOCUMENTATION_COMMENTS = YES;
				CLANG_WARN_EMPTY_BODY = YES;
				CLANG_WARN_ENUM_CONVERSION = YES;
				CLANG_WARN_INFINITE_RECURSION = YES;
				CLANG_WARN_INT_CONVERSION = YES;
				CLANG_WARN_NON_LITERAL_NULL_CONVERSION = YES;
				CLANG_WARN_OBJC_IMPLICIT_RETAIN_SELF = YES;
				CLANG_WARN_OBJC_LITERAL_CONVERSION = YES;
				CLANG_WARN_OBJC_ROOT_CLASS = YES_ERROR;
				CLANG_WARN_RANGE_LOOP_ANALYSIS = YES;
				CLANG_WARN_STRICT_PROTOTYPES = YES;
				CLANG_WARN_SUSPICIOUS_MOVE = YES;
				CLANG_WARN_UNGUARDED_AVAILABILITY = YES_AGGRESSIVE;
				CLANG_WARN_UNREACHABLE_CODE = YES;
				CLANG_WARN__DUPLICATE_METHOD_MATCH = YES;
				COPY_PHASE_STRIP = NO;
				DEBUG_INFORMATION_FORMAT = "dwarf-with-dsym";
				ENABLE_NS_ASSERTIONS = NO;
				ENABLE_STRICT_OBJC_MSGSEND = YES;
				GCC_C_LANGUAGE_STANDARD = gnu11;
				GCC_NO_COMMON_BLOCKS = YES;
				GCC_WARN_64_TO_32_BIT_CONVERSION = YES;
				GCC_WARN_ABOUT_RETURN_TYPE = YES_ERROR;
				GCC_WARN_UNDECLARED_SELECTOR = YES;
				GCC_WARN_UNINITIALIZED_AUTOS = YES_AGGRESSIVE;
				GCC_WARN_UNUSED_FUNCTION = YES;
				GCC_WARN_UNUSED_VARIABLE = YES;
				IPHONEOS_DEPLOYMENT_TARGET = 13.2;
				MTL_ENABLE_DEBUG_INFO = NO;
				MTL_FAST_MATH = YES;
				SDKROOT = iphoneos;
				SWIFT_COMPILATION_MODE = wholemodule;
				SWIFT_OPTIMIZATION_LEVEL = "-O";
				VALIDATE_PRODUCT = YES;
			};
			name = Release;
		};
		82F307722398EBF800CE61B4 /* Debug */ = {
			isa = XCBuildConfiguration;
			baseConfigurationReference = 81AAE736C78F6AFDDDD34F95 /* Pods-Manager.debug.xcconfig */;
			buildSettings = {
				ASSETCATALOG_COMPILER_APPICON_NAME = AppIcon;
				CODE_SIGN_STYLE = Automatic;
				DEVELOPMENT_ASSET_PATHS = "\"Manager/Preview Content\"";
				ENABLE_PREVIEWS = YES;
				INFOPLIST_FILE = Manager/Info.plist;
				LD_RUNPATH_SEARCH_PATHS = (
					"$(inherited)",
					"@executable_path/Frameworks",
				);
				PRODUCT_BUNDLE_IDENTIFIER = Apple.Manager;
				PRODUCT_NAME = "$(TARGET_NAME)";
				SWIFT_VERSION = 5.0;
				TARGETED_DEVICE_FAMILY = "1,2";
			};
			name = Debug;
		};
		82F307732398EBF800CE61B4 /* Release */ = {
			isa = XCBuildConfiguration;
			baseConfigurationReference = 4278682A4581FA202F7845A3 /* Pods-Manager.release.xcconfig */;
			buildSettings = {
				ASSETCATALOG_COMPILER_APPICON_NAME = AppIcon;
				CODE_SIGN_STYLE = Automatic;
				DEVELOPMENT_ASSET_PATHS = "\"Manager/Preview Content\"";
				ENABLE_PREVIEWS = YES;
				INFOPLIST_FILE = Manager/Info.plist;
				LD_RUNPATH_SEARCH_PATHS = (
					"$(inherited)",
					"@executable_path/Frameworks",
				);
				PRODUCT_BUNDLE_IDENTIFIER = Apple.Manager;
				PRODUCT_NAME = "$(TARGET_NAME)";
				SWIFT_VERSION = 5.0;
				TARGETED_DEVICE_FAMILY = "1,2";
			};
			name = Release;
		};
/* End XCBuildConfiguration section */

/* Begin XCConfigurationList section */
		82F307582398EBF300CE61B4 /* Build configuration list for PBXProject "Manager" */ = {
			isa = XCConfigurationList;
			buildConfigurations = (
				82F3076F2398EBF800CE61B4 /* Debug */,
				82F307702398EBF800CE61B4 /* Release */,
			);
			defaultConfigurationIsVisible = 0;
			defaultConfigurationName = Release;
		};
		82F307712398EBF800CE61B4 /* Build configuration list for PBXNativeTarget "Manager" */ = {
			isa = XCConfigurationList;
			buildConfigurations = (
				82F307722398EBF800CE61B4 /* Debug */,
				82F307732398EBF800CE61B4 /* Release */,
			);
			defaultConfigurationIsVisible = 0;
			defaultConfigurationName = Release;
		};
/* End XCConfigurationList section */
	};
	rootObject = 82F307552398EBF300CE61B4 /* Project object */;
}
