// !$*UTF8*$!
{
	archiveVersion = 1;
	classes = {
	};
	objectVersion = 50;
	objects = {

/* Begin PBXBuildFile section */
		82459D26239919EF00D15E43 /* UserData.swift in Sources */ = {isa = PBXBuildFile; fileRef = 82459D25239919EF00D15E43 /* UserData.swift */; };
		82BACE142399E5D900C6F525 /* CreditList.swift in Sources */ = {isa = PBXBuildFile; fileRef = 82BACE132399E5D900C6F525 /* CreditList.swift */; };
		82BACE172399E88B00C6F525 /* creditData.json in Resources */ = {isa = PBXBuildFile; fileRef = 82BACE162399E88B00C6F525 /* creditData.json */; };
		82BACE192399EC7C00C6F525 /* Data.swift in Sources */ = {isa = PBXBuildFile; fileRef = 82BACE182399EC7C00C6F525 /* Data.swift */; };
		82BACE1B2399F78F00C6F525 /* CreditRow.swift in Sources */ = {isa = PBXBuildFile; fileRef = 82BACE1A2399F78F00C6F525 /* CreditRow.swift */; };
		82BACE1D2399F7BA00C6F525 /* CreditDetail.swift in Sources */ = {isa = PBXBuildFile; fileRef = 82BACE1C2399F7BA00C6F525 /* CreditDetail.swift */; };
		82F307612398EBF300CE61B4 /* AppDelegate.swift in Sources */ = {isa = PBXBuildFile; fileRef = 82F307602398EBF300CE61B4 /* AppDelegate.swift */; };
		82F307632398EBF300CE61B4 /* SceneDelegate.swift in Sources */ = {isa = PBXBuildFile; fileRef = 82F307622398EBF300CE61B4 /* SceneDelegate.swift */; };
		82F307672398EBF800CE61B4 /* Assets.xcassets in Resources */ = {isa = PBXBuildFile; fileRef = 82F307662398EBF800CE61B4 /* Assets.xcassets */; };
		82F3076A2398EBF800CE61B4 /* Preview Assets.xcassets in Resources */ = {isa = PBXBuildFile; fileRef = 82F307692398EBF800CE61B4 /* Preview Assets.xcassets */; };
		82F3076D2398EBF800CE61B4 /* LaunchScreen.storyboard in Resources */ = {isa = PBXBuildFile; fileRef = 82F3076B2398EBF800CE61B4 /* LaunchScreen.storyboard */; };
		82F307772398EC8D00CE61B4 /* Profile.swift in Sources */ = {isa = PBXBuildFile; fileRef = 82F307762398EC8D00CE61B4 /* Profile.swift */; };
		82F307792398ED0800CE61B4 /* ProfileHost.swift in Sources */ = {isa = PBXBuildFile; fileRef = 82F307782398ED0800CE61B4 /* ProfileHost.swift */; };
		82F3077B2398EDAF00CE61B4 /* Home.swift in Sources */ = {isa = PBXBuildFile; fileRef = 82F3077A2398EDAF00CE61B4 /* Home.swift */; };
		82F3077D2398EE7200CE61B4 /* Credit.swift in Sources */ = {isa = PBXBuildFile; fileRef = 82F3077C2398EE7200CE61B4 /* Credit.swift */; };
		82F307822398F59700CE61B4 /* ProfileSummary.swift in Sources */ = {isa = PBXBuildFile; fileRef = 82F307812398F59700CE61B4 /* ProfileSummary.swift */; };
		82F307842398F6FE00CE61B4 /* ProfileEditor.swift in Sources */ = {isa = PBXBuildFile; fileRef = 82F307832398F6FE00CE61B4 /* ProfileEditor.swift */; };
/* End PBXBuildFile section */

/* Begin PBXFileReference section */
		82459D25239919EF00D15E43 /* UserData.swift */ = {isa = PBXFileReference; lastKnownFileType = sourcecode.swift; path = UserData.swift; sourceTree = "<group>"; };
		82BACE132399E5D900C6F525 /* CreditList.swift */ = {isa = PBXFileReference; lastKnownFileType = sourcecode.swift; path = CreditList.swift; sourceTree = "<group>"; };
		82BACE162399E88B00C6F525 /* creditData.json */ = {isa = PBXFileReference; fileEncoding = 4; lastKnownFileType = text.json; path = creditData.json; sourceTree = "<group>"; };
		82BACE182399EC7C00C6F525 /* Data.swift */ = {isa = PBXFileReference; lastKnownFileType = sourcecode.swift; path = Data.swift; sourceTree = "<group>"; };
		82BACE1A2399F78F00C6F525 /* CreditRow.swift */ = {isa = PBXFileReference; lastKnownFileType = sourcecode.swift; path = CreditRow.swift; sourceTree = "<group>"; };
		82BACE1C2399F7BA00C6F525 /* CreditDetail.swift */ = {isa = PBXFileReference; lastKnownFileType = sourcecode.swift; path = CreditDetail.swift; sourceTree = "<group>"; };
		82F3075D2398EBF300CE61B4 /* Manager.app */ = {isa = PBXFileReference; explicitFileType = wrapper.application; includeInIndex = 0; path = Manager.app; sourceTree = BUILT_PRODUCTS_DIR; };
		82F307602398EBF300CE61B4 /* AppDelegate.swift */ = {isa = PBXFileReference; lastKnownFileType = sourcecode.swift; path = AppDelegate.swift; sourceTree = "<group>"; };
		82F307622398EBF300CE61B4 /* SceneDelegate.swift */ = {isa = PBXFileReference; lastKnownFileType = sourcecode.swift; path = SceneDelegate.swift; sourceTree = "<group>"; };
		82F307662398EBF800CE61B4 /* Assets.xcassets */ = {isa = PBXFileReference; lastKnownFileType = folder.assetcatalog; path = Assets.xcassets; sourceTree = "<group>"; };
		82F307692398EBF800CE61B4 /* Preview Assets.xcassets */ = {isa = PBXFileReference; lastKnownFileType = folder.assetcatalog; path = "Preview Assets.xcassets"; sourceTree = "<group>"; };
		82F3076C2398EBF800CE61B4 /* Base */ = {isa = PBXFileReference; lastKnownFileType = file.storyboard; name = Base; path = Base.lproj/LaunchScreen.storyboard; sourceTree = "<group>"; };
		82F3076E2398EBF800CE61B4 /* Info.plist */ = {isa = PBXFileReference; lastKnownFileType = text.plist.xml; path = Info.plist; sourceTree = "<group>"; };
		82F307762398EC8D00CE61B4 /* Profile.swift */ = {isa = PBXFileReference; lastKnownFileType = sourcecode.swift; path = Profile.swift; sourceTree = "<group>"; };
		82F307782398ED0800CE61B4 /* ProfileHost.swift */ = {isa = PBXFileReference; lastKnownFileType = sourcecode.swift; path = ProfileHost.swift; sourceTree = "<group>"; };
		82F3077A2398EDAF00CE61B4 /* Home.swift */ = {isa = PBXFileReference; lastKnownFileType = sourcecode.swift; path = Home.swift; sourceTree = "<group>"; };
		82F3077C2398EE7200CE61B4 /* Credit.swift */ = {isa = PBXFileReference; lastKnownFileType = sourcecode.swift; path = Credit.swift; sourceTree = "<group>"; };
		82F307812398F59700CE61B4 /* ProfileSummary.swift */ = {isa = PBXFileReference; lastKnownFileType = sourcecode.swift; path = ProfileSummary.swift; sourceTree = "<group>"; };
		82F307832398F6FE00CE61B4 /* ProfileEditor.swift */ = {isa = PBXFileReference; lastKnownFileType = sourcecode.swift; path = ProfileEditor.swift; sourceTree = "<group>"; };
		82F62610239FC0640086E207 /* Icon */ = {isa = PBXFileReference; lastKnownFileType = folder; name = Icon; path = /Users/keitaro/SoftDevTeamJ/Manager/Manager/Icon; sourceTree = "<absolute>"; };
/* End PBXFileReference section */

/* Begin PBXFrameworksBuildPhase section */
		82F3075A2398EBF300CE61B4 /* Frameworks */ = {
			isa = PBXFrameworksBuildPhase;
			buildActionMask = 2147483647;
			files = (
			);
			runOnlyForDeploymentPostprocessing = 0;
		};
/* End PBXFrameworksBuildPhase section */

/* Begin PBXGroup section */
		82BACE152399E79000C6F525 /* Resources */ = {
			isa = PBXGroup;
			children = (
				82BACE162399E88B00C6F525 /* creditData.json */,
			);
			path = Resources;
			sourceTree = "<group>";
		};
		82F307542398EBF300CE61B4 = {
			isa = PBXGroup;
			children = (
				82F3075F2398EBF300CE61B4 /* Manager */,
				82F3075E2398EBF300CE61B4 /* Products */,
			);
			sourceTree = "<group>";
		};
		82F3075E2398EBF300CE61B4 /* Products */ = {
			isa = PBXGroup;
			children = (
				82F3075D2398EBF300CE61B4 /* Manager.app */,
			);
			name = Products;
			sourceTree = "<group>";
		};
		82F3075F2398EBF300CE61B4 /* Manager */ = {
			isa = PBXGroup;
			children = (
				82F307742398EC5800CE61B4 /* Models */,
				82F307752398EC6400CE61B4 /* Profiles */,
				82F307802398EEE000CE61B4 /* Credits */,
				82F307602398EBF300CE61B4 /* AppDelegate.swift */,
				82F307622398EBF300CE61B4 /* SceneDelegate.swift */,
				82F3077A2398EDAF00CE61B4 /* Home.swift */,
				82BACE152399E79000C6F525 /* Resources */,
				82F62610239FC0640086E207 /* Icon */,
				82F307662398EBF800CE61B4 /* Assets.xcassets */,
				82F3076B2398EBF800CE61B4 /* LaunchScreen.storyboard */,
				82F3076E2398EBF800CE61B4 /* Info.plist */,
				82F307682398EBF800CE61B4 /* Preview Content */,
			);
			path = Manager;
			sourceTree = "<group>";
		};
		82F307682398EBF800CE61B4 /* Preview Content */ = {
			isa = PBXGroup;
			children = (
				82F307692398EBF800CE61B4 /* Preview Assets.xcassets */,
			);
			path = "Preview Content";
			sourceTree = "<group>";
		};
		82F307742398EC5800CE61B4 /* Models */ = {
			isa = PBXGroup;
			children = (
				82F307762398EC8D00CE61B4 /* Profile.swift */,
				82BACE182399EC7C00C6F525 /* Data.swift */,
				82F3077C2398EE7200CE61B4 /* Credit.swift */,
				82459D25239919EF00D15E43 /* UserData.swift */,
			);
			path = Models;
			sourceTree = "<group>";
		};
		82F307752398EC6400CE61B4 /* Profiles */ = {
			isa = PBXGroup;
			children = (
				82F307782398ED0800CE61B4 /* ProfileHost.swift */,
				82F307812398F59700CE61B4 /* ProfileSummary.swift */,
				82F307832398F6FE00CE61B4 /* ProfileEditor.swift */,
			);
			path = Profiles;
			sourceTree = "<group>";
		};
		82F307802398EEE000CE61B4 /* Credits */ = {
			isa = PBXGroup;
			children = (
				82BACE132399E5D900C6F525 /* CreditList.swift */,
				82BACE1A2399F78F00C6F525 /* CreditRow.swift */,
				82BACE1C2399F7BA00C6F525 /* CreditDetail.swift */,
			);
			path = Credits;
			sourceTree = "<group>";
		};
/* End PBXGroup section */

/* Begin PBXNativeTarget section */
		82F3075C2398EBF300CE61B4 /* Manager */ = {
			isa = PBXNativeTarget;
			buildConfigurationList = 82F307712398EBF800CE61B4 /* Build configuration list for PBXNativeTarget "Manager" */;
			buildPhases = (
				82F307592398EBF300CE61B4 /* Sources */,
				82F3075A2398EBF300CE61B4 /* Frameworks */,
				82F3075B2398EBF300CE61B4 /* Resources */,
			);
			buildRules = (
			);
			dependencies = (
			);
			name = Manager;
			productName = Manager;
			productReference = 82F3075D2398EBF300CE61B4 /* Manager.app */;
			productType = "com.apple.product-type.application";
		};
/* End PBXNativeTarget section */

/* Begin PBXProject section */
		82F307552398EBF300CE61B4 /* Project object */ = {
			isa = PBXProject;
			attributes = {
				LastSwiftUpdateCheck = 1120;
				LastUpgradeCheck = 1120;
				ORGANIZATIONNAME = "Nakai Keitaro";
				TargetAttributes = {
					82F3075C2398EBF300CE61B4 = {
						CreatedOnToolsVersion = 11.2.1;
					};
				};
			};
			buildConfigurationList = 82F307582398EBF300CE61B4 /* Build configuration list for PBXProject "Manager" */;
			compatibilityVersion = "Xcode 9.3";
			developmentRegion = en;
			hasScannedForEncodings = 0;
			knownRegions = (
				en,
				Base,
			);
			mainGroup = 82F307542398EBF300CE61B4;
			productRefGroup = 82F3075E2398EBF300CE61B4 /* Products */;
			projectDirPath = "";
			projectRoot = "";
			targets = (
				82F3075C2398EBF300CE61B4 /* Manager */,
			);
		};
/* End PBXProject section */

/* Begin PBXResourcesBuildPhase section */
		82F3075B2398EBF300CE61B4 /* Resources */ = {
			isa = PBXResourcesBuildPhase;
			buildActionMask = 2147483647;
			files = (
				82BACE172399E88B00C6F525 /* creditData.json in Resources */,
				82F3076D2398EBF800CE61B4 /* LaunchScreen.storyboard in Resources */,
				82F3076A2398EBF800CE61B4 /* Preview Assets.xcassets in Resources */,
				82F307672398EBF800CE61B4 /* Assets.xcassets in Resources */,
			);
			runOnlyForDeploymentPostprocessing = 0;
		};
/* End PBXResourcesBuildPhase section */

/* Begin PBXSourcesBuildPhase section */
		82F307592398EBF300CE61B4 /* Sources */ = {
			isa = PBXSourcesBuildPhase;
			buildActionMask = 2147483647;
			files = (
				82F307612398EBF300CE61B4 /* AppDelegate.swift in Sources */,
				82BACE1B2399F78F00C6F525 /* CreditRow.swift in Sources */,
				82F307772398EC8D00CE61B4 /* Profile.swift in Sources */,
				82BACE1D2399F7BA00C6F525 /* CreditDetail.swift in Sources */,
				82BACE142399E5D900C6F525 /* CreditList.swift in Sources */,
				82F307632398EBF300CE61B4 /* SceneDelegate.swift in Sources */,
				82F307792398ED0800CE61B4 /* ProfileHost.swift in Sources */,
				82F3077B2398EDAF00CE61B4 /* Home.swift in Sources */,
				82BACE192399EC7C00C6F525 /* Data.swift in Sources */,
				82F307822398F59700CE61B4 /* ProfileSummary.swift in Sources */,
				82F3077D2398EE7200CE61B4 /* Credit.swift in Sources */,
				82459D26239919EF00D15E43 /* UserData.swift in Sources */,
				82F307842398F6FE00CE61B4 /* ProfileEditor.swift in Sources */,
			);
			runOnlyForDeploymentPostprocessing = 0;
		};
/* End PBXSourcesBuildPhase section */

/* Begin PBXVariantGroup section */
		82F3076B2398EBF800CE61B4 /* LaunchScreen.storyboard */ = {
			isa = PBXVariantGroup;
			children = (
				82F3076C2398EBF800CE61B4 /* Base */,
			);
			name = LaunchScreen.storyboard;
			sourceTree = "<group>";
		};
/* End PBXVariantGroup section */

/* Begin XCBuildConfiguration section */
		82F3076F2398EBF800CE61B4 /* Debug */ = {
			isa = XCBuildConfiguration;
			buildSettings = {
				ALWAYS_SEARCH_USER_PATHS = NO;
				CLANG_ANALYZER_NONNULL = YES;
				CLANG_ANALYZER_NUMBER_OBJECT_CONVERSION = YES_AGGRESSIVE;
				CLANG_CXX_LANGUAGE_STANDARD = "gnu++14";
				CLANG_CXX_LIBRARY = "libc++";
				CLANG_ENABLE_MODULES = YES;
				CLANG_ENABLE_OBJC_ARC = YES;
				CLANG_ENABLE_OBJC_WEAK = YES;
				CLANG_WARN_BLOCK_CAPTURE_AUTORELEASING = YES;
				CLANG_WARN_BOOL_CONVERSION = YES;
				CLANG_WARN_COMMA = YES;
				CLANG_WARN_CONSTANT_CONVERSION = YES;
				CLANG_WARN_DEPRECATED_OBJC_IMPLEMENTATIONS = YES;
				CLANG_WARN_DIRECT_OBJC_ISA_USAGE = YES_ERROR;
				CLANG_WARN_DOCUMENTATION_COMMENTS = YES;
				CLANG_WARN_EMPTY_BODY = YES;
				CLANG_WARN_ENUM_CONVERSION = YES;
				CLANG_WARN_INFINITE_RECURSION = YES;
				CLANG_WARN_INT_CONVERSION = YES;
				CLANG_WARN_NON_LITERAL_NULL_CONVERSION = YES;
				CLANG_WARN_OBJC_IMPLICIT_RETAIN_SELF = YES;
				CLANG_WARN_OBJC_LITERAL_CONVERSION = YES;
				CLANG_WARN_OBJC_ROOT_CLASS = YES_ERROR;
				CLANG_WARN_RANGE_LOOP_ANALYSIS = YES;
				CLANG_WARN_STRICT_PROTOTYPES = YES;
				CLANG_WARN_SUSPICIOUS_MOVE = YES;
				CLANG_WARN_UNGUARDED_AVAILABILITY = YES_AGGRESSIVE;
				CLANG_WARN_UNREACHABLE_CODE = YES;
				CLANG_WARN__DUPLICATE_METHOD_MATCH = YES;
				COPY_PHASE_STRIP = NO;
				DEBUG_INFORMATION_FORMAT = dwarf;
				ENABLE_STRICT_OBJC_MSGSEND = YES;
				ENABLE_TESTABILITY = YES;
				GCC_C_LANGUAGE_STANDARD = gnu11;
				GCC_DYNAMIC_NO_PIC = NO;
				GCC_NO_COMMON_BLOCKS = YES;
				GCC_OPTIMIZATION_LEVEL = 0;
				GCC_PREPROCESSOR_DEFINITIONS = (
					"DEBUG=1",
					"$(inherited)",
				);
				GCC_WARN_64_TO_32_BIT_CONVERSION = YES;
				GCC_WARN_ABOUT_RETURN_TYPE = YES_ERROR;
				GCC_WARN_UNDECLARED_SELECTOR = YES;
				GCC_WARN_UNINITIALIZED_AUTOS = YES_AGGRESSIVE;
				GCC_WARN_UNUSED_FUNCTION = YES;
				GCC_WARN_UNUSED_VARIABLE = YES;
				IPHONEOS_DEPLOYMENT_TARGET = 13.2;
				MTL_ENABLE_DEBUG_INFO = INCLUDE_SOURCE;
				MTL_FAST_MATH = YES;
				ONLY_ACTIVE_ARCH = YES;
				SDKROOT = iphoneos;
				SWIFT_ACTIVE_COMPILATION_CONDITIONS = DEBUG;
				SWIFT_OPTIMIZATION_LEVEL = "-Onone";
			};
			name = Debug;
		};
		82F307702398EBF800CE61B4 /* Release */ = {
			isa = XCBuildConfiguration;
			buildSettings = {
				ALWAYS_SEARCH_USER_PATHS = NO;
				CLANG_ANALYZER_NONNULL = YES;
				CLANG_ANALYZER_NUMBER_OBJECT_CONVERSION = YES_AGGRESSIVE;
				CLANG_CXX_LANGUAGE_STANDARD = "gnu++14";
				CLANG_CXX_LIBRARY = "libc++";
				CLANG_ENABLE_MODULES = YES;
				CLANG_ENABLE_OBJC_ARC = YES;
				CLANG_ENABLE_OBJC_WEAK = YES;
				CLANG_WARN_BLOCK_CAPTURE_AUTORELEASING = YES;
				CLANG_WARN_BOOL_CONVERSION = YES;
				CLANG_WARN_COMMA = YES;
				CLANG_WARN_CONSTANT_CONVERSION = YES;
				CLANG_WARN_DEPRECATED_OBJC_IMPLEMENTATIONS = YES;
				CLANG_WARN_DIRECT_OBJC_ISA_USAGE = YES_ERROR;
				CLANG_WARN_DOCUMENTATION_COMMENTS = YES;
				CLANG_WARN_EMPTY_BODY = YES;
				CLANG_WARN_ENUM_CONVERSION = YES;
				CLANG_WARN_INFINITE_RECURSION = YES;
				CLANG_WARN_INT_CONVERSION = YES;
				CLANG_WARN_NON_LITERAL_NULL_CONVERSION = YES;
				CLANG_WARN_OBJC_IMPLICIT_RETAIN_SELF = YES;
				CLANG_WARN_OBJC_LITERAL_CONVERSION = YES;
				CLANG_WARN_OBJC_ROOT_CLASS = YES_ERROR;
				CLANG_WARN_RANGE_LOOP_ANALYSIS = YES;
				CLANG_WARN_STRICT_PROTOTYPES = YES;
				CLANG_WARN_SUSPICIOUS_MOVE = YES;
				CLANG_WARN_UNGUARDED_AVAILABILITY = YES_AGGRESSIVE;
				CLANG_WARN_UNREACHABLE_CODE = YES;
				CLANG_WARN__DUPLICATE_METHOD_MATCH = YES;
				COPY_PHASE_STRIP = NO;
				DEBUG_INFORMATION_FORMAT = "dwarf-with-dsym";
				ENABLE_NS_ASSERTIONS = NO;
				ENABLE_STRICT_OBJC_MSGSEND = YES;
				GCC_C_LANGUAGE_STANDARD = gnu11;
				GCC_NO_COMMON_BLOCKS = YES;
				GCC_WARN_64_TO_32_BIT_CONVERSION = YES;
				GCC_WARN_ABOUT_RETURN_TYPE = YES_ERROR;
				GCC_WARN_UNDECLARED_SELECTOR = YES;
				GCC_WARN_UNINITIALIZED_AUTOS = YES_AGGRESSIVE;
				GCC_WARN_UNUSED_FUNCTION = YES;
				GCC_WARN_UNUSED_VARIABLE = YES;
				IPHONEOS_DEPLOYMENT_TARGET = 13.2;
				MTL_ENABLE_DEBUG_INFO = NO;
				MTL_FAST_MATH = YES;
				SDKROOT = iphoneos;
				SWIFT_COMPILATION_MODE = wholemodule;
				SWIFT_OPTIMIZATION_LEVEL = "-O";
				VALIDATE_PRODUCT = YES;
			};
			name = Release;
		};
		82F307722398EBF800CE61B4 /* Debug */ = {
			isa = XCBuildConfiguration;
			buildSettings = {
				ASSETCATALOG_COMPILER_APPICON_NAME = AppIcon;
				CODE_SIGN_STYLE = Automatic;
				DEVELOPMENT_ASSET_PATHS = "\"Manager/Preview Content\"";
				ENABLE_PREVIEWS = YES;
				INFOPLIST_FILE = Manager/Info.plist;
				LD_RUNPATH_SEARCH_PATHS = (
					"$(inherited)",
					"@executable_path/Frameworks",
				);
				PRODUCT_BUNDLE_IDENTIFIER = Apple.Manager;
				PRODUCT_NAME = "$(TARGET_NAME)";
				SWIFT_VERSION = 5.0;
				TARGETED_DEVICE_FAMILY = "1,2";
			};
			name = Debug;
		};
		82F307732398EBF800CE61B4 /* Release */ = {
			isa = XCBuildConfiguration;
			buildSettings = {
				ASSETCATALOG_COMPILER_APPICON_NAME = AppIcon;
				CODE_SIGN_STYLE = Automatic;
				DEVELOPMENT_ASSET_PATHS = "\"Manager/Preview Content\"";
				ENABLE_PREVIEWS = YES;
				INFOPLIST_FILE = Manager/Info.plist;
				LD_RUNPATH_SEARCH_PATHS = (
					"$(inherited)",
					"@executable_path/Frameworks",
				);
				PRODUCT_BUNDLE_IDENTIFIER = Apple.Manager;
				PRODUCT_NAME = "$(TARGET_NAME)";
				SWIFT_VERSION = 5.0;
				TARGETED_DEVICE_FAMILY = "1,2";
			};
			name = Release;
		};
/* End XCBuildConfiguration section */

/* Begin XCConfigurationList section */
		82F307582398EBF300CE61B4 /* Build configuration list for PBXProject "Manager" */ = {
			isa = XCConfigurationList;
			buildConfigurations = (
				82F3076F2398EBF800CE61B4 /* Debug */,
				82F307702398EBF800CE61B4 /* Release */,
			);
			defaultConfigurationIsVisible = 0;
			defaultConfigurationName = Release;
		};
		82F307712398EBF800CE61B4 /* Build configuration list for PBXNativeTarget "Manager" */ = {
			isa = XCConfigurationList;
			buildConfigurations = (
				82F307722398EBF800CE61B4 /* Debug */,
				82F307732398EBF800CE61B4 /* Release */,
			);
			defaultConfigurationIsVisible = 0;
			defaultConfigurationName = Release;
		};
/* End XCConfigurationList section */
	};
	rootObject = 82F307552398EBF300CE61B4 /* Project object */;
}
